// !$*UTF8*$!
{
	archiveVersion = 1;
	classes = {
	};
	objectVersion = 42;
	objects = {

/* Begin PBXBuildFile section */
		96CA4E550907E8CC00C234AA /* InfoPlist.strings in Resources */ = {isa = PBXBuildFile; fileRef = 089C167DFE841241C02AAC07 /* InfoPlist.strings */; };
		96CA4E5A0907E8CC00C234AA /* Carbon.framework in Frameworks */ = {isa = PBXBuildFile; fileRef = 08EA7FFBFE8413EDC02AAC07 /* Carbon.framework */; };
		96CA4E660907EB0700C234AA /* u_complib.framework in Frameworks */ = {isa = PBXBuildFile; fileRef = 96CA4E650907EB0700C234AA /* u_complib.framework */; };
		ACDED0971B4E193B008A730B /* FrameworkWndProc.cpp in Sources */ = {isa = PBXBuildFile; fileRef = ACDED0831B4E193B008A730B /* FrameworkWndProc.cpp */; };
		ACDED0981B4E193B008A730B /* oBaseComponent.cpp in Sources */ = {isa = PBXBuildFile; fileRef = ACDED0841B4E193B008A730B /* oBaseComponent.cpp */; };
		ACDED0991B4E193B008A730B /* oBaseNVComponent.cpp in Sources */ = {isa = PBXBuildFile; fileRef = ACDED0861B4E193B008A730B /* oBaseNVComponent.cpp */; };
		ACDED09A1B4E193B008A730B /* oBaseVisComponent.cpp in Sources */ = {isa = PBXBuildFile; fileRef = ACDED0881B4E193B008A730B /* oBaseVisComponent.cpp */; };
		ACDED09B1B4E193B008A730B /* oDrawingCanvas.cpp in Sources */ = {isa = PBXBuildFile; fileRef = ACDED08A1B4E193B008A730B /* oDrawingCanvas.cpp */; };
		ACDED09C1B4E193B008A730B /* oRGBAImage.cpp in Sources */ = {isa = PBXBuildFile; fileRef = ACDED08D1B4E193B008A730B /* oRGBAImage.cpp */; };
		ACDED09D1B4E193B008A730B /* oUTF8.cpp in Sources */ = {isa = PBXBuildFile; fileRef = ACDED08F1B4E193B008A730B /* oUTF8.cpp */; };
		ACDED09E1B4E193B008A730B /* oXCompLib.cpp in Sources */ = {isa = PBXBuildFile; fileRef = ACDED0911B4E193B008A730B /* oXCompLib.cpp */; };
		ACDED09F1B4E193B008A730B /* qString.cpp in Sources */ = {isa = PBXBuildFile; fileRef = ACDED0941B4E193B008A730B /* qString.cpp */; };
		ACDED0B41B4E196A008A730B /* oCountButton.cpp in Sources */ = {isa = PBXBuildFile; fileRef = ACDED0AA1B4E196A008A730B /* oCountButton.cpp */; };
		ACDED0B51B4E196A008A730B /* oDataList.cpp in Sources */ = {isa = PBXBuildFile; fileRef = ACDED0AB1B4E196A008A730B /* oDataList.cpp */; };
		ACDED0B61B4E196A008A730B /* oDateTime.cpp in Sources */ = {isa = PBXBuildFile; fileRef = ACDED0AC1B4E196A008A730B /* oDateTime.cpp */; };
		ACDED0B71B4E196A008A730B /* oDLNode.cpp in Sources */ = {isa = PBXBuildFile; fileRef = ACDED0AD1B4E196A008A730B /* oDLNode.cpp */; };
		ACDED0B81B4E196A008A730B /* oDropDown.cpp in Sources */ = {isa = PBXBuildFile; fileRef = ACDED0AE1B4E196A008A730B /* oDropDown.cpp */; };
		ACDED0B91B4E196A008A730B /* oFontDropDown.cpp in Sources */ = {isa = PBXBuildFile; fileRef = ACDED0AF1B4E196A008A730B /* oFontDropDown.cpp */; };
		ACDED0BA1B4E196A008A730B /* oImage.cpp in Sources */ = {isa = PBXBuildFile; fileRef = ACDED0B01B4E196A008A730B /* oImage.cpp */; };
		ACDED0BB1B4E196A008A730B /* oImgLayer.cpp in Sources */ = {isa = PBXBuildFile; fileRef = ACDED0B11B4E196A008A730B /* oImgLayer.cpp */; };
		ACDED0BC1B4E196A008A730B /* oRoundedButton.cpp in Sources */ = {isa = PBXBuildFile; fileRef = ACDED0B21B4E196A008A730B /* oRoundedButton.cpp */; };
		ACDED0BD1B4E196A008A730B /* widget.cpp in Sources */ = {isa = PBXBuildFile; fileRef = ACDED0B31B4E196A008A730B /* widget.cpp */; };
		ACDED0C21B4E197D008A730B /* oWidget.bmp in Resources */ = {isa = PBXBuildFile; fileRef = ACDED0BE1B4E197D008A730B /* oWidget.bmp */; };
		ACDED0C31B4E1985008A730B /* oWidget.rc in Resources */ = {isa = PBXBuildFile; fileRef = ACDED0C01B4E197D008A730B /* oWidget.rc */; };
		ACF4A50F1CE959FE00EA194F /* monitor_mac.mm in Sources */ = {isa = PBXBuildFile; fileRef = ACF4A50E1CE959FE00EA194F /* monitor_mac.mm */; };
/* End PBXBuildFile section */

/* Begin PBXBuildRule section */
		96CA4E5C0907E8CC00C234AA /* PBXBuildRule */ = {
			isa = PBXBuildRule;
			compilerSpec = com.apple.compilers.proxy.script;
			filePatterns = "*.rc";
			fileType = pattern.proxy;
			isEditable = 1;
			outputFiles = (
				"$(TEMP_FILE_DIR)/omnisrc/Localizable.strings",
			);
			script = "/Developer/Tools/omnisrc.app/Contents/MacOS/omnisrc INPUT_FILE_PATH TEMP_FILE_DIR REZ_SEARCH_PATHS XCOMP\ncp $TEMP_FILE_DIR/omnisrc/xcomp.rsrc $INSTALL_DIR/$CONTENTS_FOLDER_PATH/Resources";
		};
/* End PBXBuildRule section */

/* Begin PBXFileReference section */
		089C167EFE841241C02AAC07 /* English */ = {isa = PBXFileReference; fileEncoding = 4; lastKnownFileType = text.plist.strings; name = English; path = English.lproj/InfoPlist.strings; sourceTree = "<group>"; };
		08EA7FFBFE8413EDC02AAC07 /* Carbon.framework */ = {isa = PBXFileReference; lastKnownFileType = wrapper.framework; name = Carbon.framework; path = /System/Library/Frameworks/Carbon.framework; sourceTree = "<absolute>"; };
		96CA4E610907E8CC00C234AA /* oWidget.u_xcomp */ = {isa = PBXFileReference; explicitFileType = wrapper.cfbundle; includeInIndex = 0; path = oWidget.u_xcomp; sourceTree = BUILT_PRODUCTS_DIR; };
		96CA4E650907EB0700C234AA /* u_complib.framework */ = {isa = PBXFileReference; lastKnownFileType = wrapper.framework; name = u_complib.framework; path = ../complib/u_complib.framework; sourceTree = SOURCE_ROOT; };
		ACDED0831B4E193B008A730B /* FrameworkWndProc.cpp */ = {isa = PBXFileReference; fileEncoding = 4; lastKnownFileType = sourcecode.cpp.cpp; name = FrameworkWndProc.cpp; path = ../omnis.xcomp.framework/FrameworkWndProc.cpp; sourceTree = "<group>"; };
		ACDED0841B4E193B008A730B /* oBaseComponent.cpp */ = {isa = PBXFileReference; fileEncoding = 4; lastKnownFileType = sourcecode.cpp.cpp; name = oBaseComponent.cpp; path = ../omnis.xcomp.framework/oBaseComponent.cpp; sourceTree = "<group>"; };
		ACDED0851B4E193B008A730B /* oBaseComponent.h */ = {isa = PBXFileReference; fileEncoding = 4; lastKnownFileType = sourcecode.c.h; name = oBaseComponent.h; path = ../omnis.xcomp.framework/oBaseComponent.h; sourceTree = "<group>"; };
		ACDED0861B4E193B008A730B /* oBaseNVComponent.cpp */ = {isa = PBXFileReference; fileEncoding = 4; lastKnownFileType = sourcecode.cpp.cpp; name = oBaseNVComponent.cpp; path = ../omnis.xcomp.framework/oBaseNVComponent.cpp; sourceTree = "<group>"; };
		ACDED0871B4E193B008A730B /* oBaseNVComponent.h */ = {isa = PBXFileReference; fileEncoding = 4; lastKnownFileType = sourcecode.c.h; name = oBaseNVComponent.h; path = ../omnis.xcomp.framework/oBaseNVComponent.h; sourceTree = "<group>"; };
		ACDED0881B4E193B008A730B /* oBaseVisComponent.cpp */ = {isa = PBXFileReference; fileEncoding = 4; lastKnownFileType = sourcecode.cpp.cpp; name = oBaseVisComponent.cpp; path = ../omnis.xcomp.framework/oBaseVisComponent.cpp; sourceTree = "<group>"; };
		ACDED0891B4E193B008A730B /* oBaseVisComponent.h */ = {isa = PBXFileReference; fileEncoding = 4; lastKnownFileType = sourcecode.c.h; name = oBaseVisComponent.h; path = ../omnis.xcomp.framework/oBaseVisComponent.h; sourceTree = "<group>"; };
		ACDED08A1B4E193B008A730B /* oDrawingCanvas.cpp */ = {isa = PBXFileReference; fileEncoding = 4; lastKnownFileType = sourcecode.cpp.cpp; name = oDrawingCanvas.cpp; path = ../omnis.xcomp.framework/oDrawingCanvas.cpp; sourceTree = "<group>"; };
		ACDED08B1B4E193B008A730B /* oDrawingCanvas.h */ = {isa = PBXFileReference; fileEncoding = 4; lastKnownFileType = sourcecode.c.h; name = oDrawingCanvas.h; path = ../omnis.xcomp.framework/oDrawingCanvas.h; sourceTree = "<group>"; };
		ACDED08C1B4E193B008A730B /* omnis.xcomp.framework.h */ = {isa = PBXFileReference; fileEncoding = 4; lastKnownFileType = sourcecode.c.h; name = omnis.xcomp.framework.h; path = ../omnis.xcomp.framework/omnis.xcomp.framework.h; sourceTree = "<group>"; };
		ACDED08D1B4E193B008A730B /* oRGBAImage.cpp */ = {isa = PBXFileReference; fileEncoding = 4; lastKnownFileType = sourcecode.cpp.cpp; name = oRGBAImage.cpp; path = ../omnis.xcomp.framework/oRGBAImage.cpp; sourceTree = "<group>"; };
		ACDED08E1B4E193B008A730B /* oRGBAImage.h */ = {isa = PBXFileReference; fileEncoding = 4; lastKnownFileType = sourcecode.c.h; name = oRGBAImage.h; path = ../omnis.xcomp.framework/oRGBAImage.h; sourceTree = "<group>"; };
		ACDED08F1B4E193B008A730B /* oUTF8.cpp */ = {isa = PBXFileReference; fileEncoding = 4; lastKnownFileType = sourcecode.cpp.cpp; name = oUTF8.cpp; path = ../omnis.xcomp.framework/oUTF8.cpp; sourceTree = "<group>"; };
		ACDED0901B4E193B008A730B /* oUTF8.h */ = {isa = PBXFileReference; fileEncoding = 4; lastKnownFileType = sourcecode.c.h; name = oUTF8.h; path = ../omnis.xcomp.framework/oUTF8.h; sourceTree = "<group>"; };
		ACDED0911B4E193B008A730B /* oXCompLib.cpp */ = {isa = PBXFileReference; fileEncoding = 4; lastKnownFileType = sourcecode.cpp.cpp; name = oXCompLib.cpp; path = ../omnis.xcomp.framework/oXCompLib.cpp; sourceTree = "<group>"; };
		ACDED0921B4E193B008A730B /* oXCompLib.h */ = {isa = PBXFileReference; fileEncoding = 4; lastKnownFileType = sourcecode.c.h; name = oXCompLib.h; path = ../omnis.xcomp.framework/oXCompLib.h; sourceTree = "<group>"; };
		ACDED0931B4E193B008A730B /* qArray.h */ = {isa = PBXFileReference; fileEncoding = 4; lastKnownFileType = sourcecode.c.h; name = qArray.h; path = ../omnis.xcomp.framework/qArray.h; sourceTree = "<group>"; };
		ACDED0941B4E193B008A730B /* qString.cpp */ = {isa = PBXFileReference; fileEncoding = 4; lastKnownFileType = sourcecode.cpp.cpp; name = qString.cpp; path = ../omnis.xcomp.framework/qString.cpp; sourceTree = "<group>"; };
		ACDED0951B4E193B008A730B /* qString.h */ = {isa = PBXFileReference; fileEncoding = 4; lastKnownFileType = sourcecode.c.h; name = qString.h; path = ../omnis.xcomp.framework/qString.h; sourceTree = "<group>"; };
		ACDED0961B4E193B008A730B /* xCompStandardIncludes.h */ = {isa = PBXFileReference; fileEncoding = 4; lastKnownFileType = sourcecode.c.h; name = xCompStandardIncludes.h; path = ../omnis.xcomp.framework/xCompStandardIncludes.h; sourceTree = "<group>"; };
		ACDED0A01B4E1950008A730B /* oCountButton.h */ = {isa = PBXFileReference; fileEncoding = 4; lastKnownFileType = sourcecode.c.h; name = oCountButton.h; path = Src/oCountButton.h; sourceTree = "<group>"; };
		ACDED0A11B4E1950008A730B /* oDataList.h */ = {isa = PBXFileReference; fileEncoding = 4; lastKnownFileType = sourcecode.c.h; name = oDataList.h; path = Src/oDataList.h; sourceTree = "<group>"; };
		ACDED0A21B4E1950008A730B /* oDateTime.h */ = {isa = PBXFileReference; fileEncoding = 4; lastKnownFileType = sourcecode.c.h; name = oDateTime.h; path = Src/oDateTime.h; sourceTree = "<group>"; };
		ACDED0A31B4E1950008A730B /* oDLNode.h */ = {isa = PBXFileReference; fileEncoding = 4; lastKnownFileType = sourcecode.c.h; name = oDLNode.h; path = Src/oDLNode.h; sourceTree = "<group>"; };
		ACDED0A41B4E1950008A730B /* oDropDown.h */ = {isa = PBXFileReference; fileEncoding = 4; lastKnownFileType = sourcecode.c.h; name = oDropDown.h; path = Src/oDropDown.h; sourceTree = "<group>"; };
		ACDED0A51B4E1950008A730B /* oFontDropDown.h */ = {isa = PBXFileReference; fileEncoding = 4; lastKnownFileType = sourcecode.c.h; name = oFontDropDown.h; path = Src/oFontDropDown.h; sourceTree = "<group>"; };
		ACDED0A61B4E1950008A730B /* oImage.h */ = {isa = PBXFileReference; fileEncoding = 4; lastKnownFileType = sourcecode.c.h; name = oImage.h; path = Src/oImage.h; sourceTree = "<group>"; };
		ACDED0A71B4E1950008A730B /* oImgLayer.h */ = {isa = PBXFileReference; fileEncoding = 4; lastKnownFileType = sourcecode.c.h; name = oImgLayer.h; path = Src/oImgLayer.h; sourceTree = "<group>"; };
		ACDED0A81B4E1950008A730B /* oRoundedButton.h */ = {isa = PBXFileReference; fileEncoding = 4; lastKnownFileType = sourcecode.c.h; name = oRoundedButton.h; path = Src/oRoundedButton.h; sourceTree = "<group>"; };
		ACDED0A91B4E1950008A730B /* widget.h */ = {isa = PBXFileReference; fileEncoding = 4; lastKnownFileType = sourcecode.c.h; name = widget.h; path = Src/widget.h; sourceTree = "<group>"; };
		ACDED0AA1B4E196A008A730B /* oCountButton.cpp */ = {isa = PBXFileReference; fileEncoding = 4; lastKnownFileType = sourcecode.cpp.cpp; name = oCountButton.cpp; path = Src/oCountButton.cpp; sourceTree = "<group>"; };
		ACDED0AB1B4E196A008A730B /* oDataList.cpp */ = {isa = PBXFileReference; fileEncoding = 4; lastKnownFileType = sourcecode.cpp.cpp; name = oDataList.cpp; path = Src/oDataList.cpp; sourceTree = "<group>"; };
		ACDED0AC1B4E196A008A730B /* oDateTime.cpp */ = {isa = PBXFileReference; fileEncoding = 4; lastKnownFileType = sourcecode.cpp.cpp; name = oDateTime.cpp; path = Src/oDateTime.cpp; sourceTree = "<group>"; };
		ACDED0AD1B4E196A008A730B /* oDLNode.cpp */ = {isa = PBXFileReference; fileEncoding = 4; lastKnownFileType = sourcecode.cpp.cpp; name = oDLNode.cpp; path = Src/oDLNode.cpp; sourceTree = "<group>"; };
		ACDED0AE1B4E196A008A730B /* oDropDown.cpp */ = {isa = PBXFileReference; fileEncoding = 4; lastKnownFileType = sourcecode.cpp.cpp; name = oDropDown.cpp; path = Src/oDropDown.cpp; sourceTree = "<group>"; };
		ACDED0AF1B4E196A008A730B /* oFontDropDown.cpp */ = {isa = PBXFileReference; fileEncoding = 4; lastKnownFileType = sourcecode.cpp.cpp; name = oFontDropDown.cpp; path = Src/oFontDropDown.cpp; sourceTree = "<group>"; };
		ACDED0B01B4E196A008A730B /* oImage.cpp */ = {isa = PBXFileReference; fileEncoding = 4; lastKnownFileType = sourcecode.cpp.cpp; name = oImage.cpp; path = Src/oImage.cpp; sourceTree = "<group>"; };
		ACDED0B11B4E196A008A730B /* oImgLayer.cpp */ = {isa = PBXFileReference; fileEncoding = 4; lastKnownFileType = sourcecode.cpp.cpp; name = oImgLayer.cpp; path = Src/oImgLayer.cpp; sourceTree = "<group>"; };
		ACDED0B21B4E196A008A730B /* oRoundedButton.cpp */ = {isa = PBXFileReference; fileEncoding = 4; lastKnownFileType = sourcecode.cpp.cpp; name = oRoundedButton.cpp; path = Src/oRoundedButton.cpp; sourceTree = "<group>"; };
		ACDED0B31B4E196A008A730B /* widget.cpp */ = {isa = PBXFileReference; fileEncoding = 4; lastKnownFileType = sourcecode.cpp.cpp; name = widget.cpp; path = Src/widget.cpp; sourceTree = "<group>"; };
		ACDED0BF1B4E197D008A730B /* English */ = {isa = PBXFileReference; lastKnownFileType = image.bmp; name = English; path = English.lproj/oWidget.bmp; sourceTree = "<group>"; };
		ACDED0C11B4E197D008A730B /* English */ = {isa = PBXFileReference; explicitFileType = text; name = English; path = English.lproj/oWidget.rc; sourceTree = "<group>"; };
		ACF4A50D1CE959ED00EA194F /* monitor_mac.h */ = {isa = PBXFileReference; fileEncoding = 4; lastKnownFileType = sourcecode.c.h; name = monitor_mac.h; path = oWidget_OS61.xcodeproj/../Src/monitor_mac.h; sourceTree = "<group>"; };
		ACF4A50E1CE959FE00EA194F /* monitor_mac.mm */ = {isa = PBXFileReference; fileEncoding = 4; lastKnownFileType = sourcecode.cpp.objcpp; name = monitor_mac.mm; path = Src/monitor_mac.mm; sourceTree = "<group>"; };
/* End PBXFileReference section */

/* Begin PBXFrameworksBuildPhase section */
		96CA4E590907E8CC00C234AA /* Frameworks */ = {
			isa = PBXFrameworksBuildPhase;
			buildActionMask = 2147483647;
			files = (
				96CA4E5A0907E8CC00C234AA /* Carbon.framework in Frameworks */,
				96CA4E660907EB0700C234AA /* u_complib.framework in Frameworks */,
			);
			runOnlyForDeploymentPostprocessing = 0;
		};
/* End PBXFrameworksBuildPhase section */

/* Begin PBXGroup section */
		089C166AFE841209C02AAC07 /* xrandom */ = {
			isa = PBXGroup;
			children = (
				ACDED0821B4E1925008A730B /* omnis.xcomp.frameworks */,
				96D631340905093100E0F291 /* Headers */,
				08FB77ADFE841716C02AAC07 /* Source */,
				089C167CFE841241C02AAC07 /* Resources */,
				089C1671FE841209C02AAC07 /* External Frameworks and Libraries */,
				19C28FB4FE9D528D11CA2CBB /* Products */,
			);
			name = xrandom;
			sourceTree = "<group>";
		};
		089C1671FE841209C02AAC07 /* External Frameworks and Libraries */ = {
			isa = PBXGroup;
			children = (
				96CA4E650907EB0700C234AA /* u_complib.framework */,
				08EA7FFBFE8413EDC02AAC07 /* Carbon.framework */,
			);
			name = "External Frameworks and Libraries";
			sourceTree = "<group>";
		};
		089C167CFE841241C02AAC07 /* Resources */ = {
			isa = PBXGroup;
			children = (
				ACDED0BE1B4E197D008A730B /* oWidget.bmp */,
				ACDED0C01B4E197D008A730B /* oWidget.rc */,
				089C167DFE841241C02AAC07 /* InfoPlist.strings */,
			);
			name = Resources;
			sourceTree = "<group>";
		};
		08FB77ADFE841716C02AAC07 /* Source */ = {
			isa = PBXGroup;
			children = (
				ACDED0AA1B4E196A008A730B /* oCountButton.cpp */,
				ACDED0AB1B4E196A008A730B /* oDataList.cpp */,
				ACDED0AC1B4E196A008A730B /* oDateTime.cpp */,
				ACDED0AD1B4E196A008A730B /* oDLNode.cpp */,
				ACDED0AE1B4E196A008A730B /* oDropDown.cpp */,
				ACDED0AF1B4E196A008A730B /* oFontDropDown.cpp */,
				ACDED0B01B4E196A008A730B /* oImage.cpp */,
				ACDED0B11B4E196A008A730B /* oImgLayer.cpp */,
				ACDED0B21B4E196A008A730B /* oRoundedButton.cpp */,
				ACF4A50E1CE959FE00EA194F /* monitor_mac.mm */,
				ACDED0B31B4E196A008A730B /* widget.cpp */,
			);
			name = Source;
			sourceTree = "<group>";
		};
		19C28FB4FE9D528D11CA2CBB /* Products */ = {
			isa = PBXGroup;
			children = (
				96CA4E610907E8CC00C234AA /* oWidget.u_xcomp */,
			);
			name = Products;
			sourceTree = "<group>";
		};
		96D631340905093100E0F291 /* Headers */ = {
			isa = PBXGroup;
			children = (
				ACDED0A01B4E1950008A730B /* oCountButton.h */,
				ACDED0A11B4E1950008A730B /* oDataList.h */,
				ACDED0A21B4E1950008A730B /* oDateTime.h */,
				ACDED0A31B4E1950008A730B /* oDLNode.h */,
				ACDED0A41B4E1950008A730B /* oDropDown.h */,
				ACDED0A51B4E1950008A730B /* oFontDropDown.h */,
				ACDED0A61B4E1950008A730B /* oImage.h */,
				ACDED0A71B4E1950008A730B /* oImgLayer.h */,
				ACDED0A81B4E1950008A730B /* oRoundedButton.h */,
				ACF4A50D1CE959ED00EA194F /* monitor_mac.h */,
				ACDED0A91B4E1950008A730B /* widget.h */,
			);
			name = Headers;
			sourceTree = "<group>";
		};
		ACDED0821B4E1925008A730B /* omnis.xcomp.frameworks */ = {
			isa = PBXGroup;
			children = (
				ACDED0831B4E193B008A730B /* FrameworkWndProc.cpp */,
				ACDED0841B4E193B008A730B /* oBaseComponent.cpp */,
				ACDED0851B4E193B008A730B /* oBaseComponent.h */,
				ACDED0861B4E193B008A730B /* oBaseNVComponent.cpp */,
				ACDED0871B4E193B008A730B /* oBaseNVComponent.h */,
				ACDED0881B4E193B008A730B /* oBaseVisComponent.cpp */,
				ACDED0891B4E193B008A730B /* oBaseVisComponent.h */,
				ACDED08A1B4E193B008A730B /* oDrawingCanvas.cpp */,
				ACDED08B1B4E193B008A730B /* oDrawingCanvas.h */,
				ACDED08C1B4E193B008A730B /* omnis.xcomp.framework.h */,
				ACDED08D1B4E193B008A730B /* oRGBAImage.cpp */,
				ACDED08E1B4E193B008A730B /* oRGBAImage.h */,
				ACDED08F1B4E193B008A730B /* oUTF8.cpp */,
				ACDED0901B4E193B008A730B /* oUTF8.h */,
				ACDED0911B4E193B008A730B /* oXCompLib.cpp */,
				ACDED0921B4E193B008A730B /* oXCompLib.h */,
				ACDED0931B4E193B008A730B /* qArray.h */,
				ACDED0941B4E193B008A730B /* qString.cpp */,
				ACDED0951B4E193B008A730B /* qString.h */,
				ACDED0961B4E193B008A730B /* xCompStandardIncludes.h */,
			);
			name = omnis.xcomp.frameworks;
			sourceTree = "<group>";
		};
/* End PBXGroup section */

/* Begin PBXNativeTarget section */
		96CA4E530907E8CC00C234AA /* UnicodeCore */ = {
			isa = PBXNativeTarget;
			buildConfigurationList = 96CA4E5D0907E8CC00C234AA /* Build configuration list for PBXNativeTarget "UnicodeCore" */;
			buildPhases = (
				96CA4E540907E8CC00C234AA /* Resources */,
				96CA4E570907E8CC00C234AA /* Sources */,
				96CA4E590907E8CC00C234AA /* Frameworks */,
			);
			buildRules = (
				96CA4E5C0907E8CC00C234AA /* PBXBuildRule */,
			);
			dependencies = (
			);
			name = UnicodeCore;
			productInstallPath = "$(HOME)/Library/Bundles";
			productName = xrandom;
			productReference = 96CA4E610907E8CC00C234AA /* oWidget.u_xcomp */;
			productType = "com.apple.product-type.bundle";
		};
/* End PBXNativeTarget section */

/* Begin PBXProject section */
		089C1669FE841209C02AAC07 /* Project object */ = {
			isa = PBXProject;
			attributes = {
			};
			buildConfigurationList = 96CF455E08FBABD1003AA3FE /* Build configuration list for PBXProject "oWidget_OS61" */;
			compatibilityVersion = "Xcode 2.4";
			developmentRegion = English;
			hasScannedForEncodings = 1;
			knownRegions = (
				English,
				Japanese,
				French,
				German,
				english,
			);
			mainGroup = 089C166AFE841209C02AAC07 /* xrandom */;
			projectDirPath = "";
			projectRoot = "";
			targets = (
				96CA4E530907E8CC00C234AA /* UnicodeCore */,
			);
		};
/* End PBXProject section */

/* Begin PBXResourcesBuildPhase section */
		96CA4E540907E8CC00C234AA /* Resources */ = {
			isa = PBXResourcesBuildPhase;
			buildActionMask = 2147483647;
			files = (
				96CA4E550907E8CC00C234AA /* InfoPlist.strings in Resources */,
				ACDED0C21B4E197D008A730B /* oWidget.bmp in Resources */,
				ACDED0C31B4E1985008A730B /* oWidget.rc in Resources */,
			);
			runOnlyForDeploymentPostprocessing = 0;
		};
/* End PBXResourcesBuildPhase section */

/* Begin PBXSourcesBuildPhase section */
		96CA4E570907E8CC00C234AA /* Sources */ = {
			isa = PBXSourcesBuildPhase;
			buildActionMask = 2147483647;
			files = (
				ACDED09D1B4E193B008A730B /* oUTF8.cpp in Sources */,
				ACDED09A1B4E193B008A730B /* oBaseVisComponent.cpp in Sources */,
				ACDED0B81B4E196A008A730B /* oDropDown.cpp in Sources */,
				ACDED0B61B4E196A008A730B /* oDateTime.cpp in Sources */,
				ACDED0B91B4E196A008A730B /* oFontDropDown.cpp in Sources */,
				ACDED0971B4E193B008A730B /* FrameworkWndProc.cpp in Sources */,
				ACDED0B71B4E196A008A730B /* oDLNode.cpp in Sources */,
				ACDED0B41B4E196A008A730B /* oCountButton.cpp in Sources */,
				ACF4A50F1CE959FE00EA194F /* monitor_mac.mm in Sources */,
				ACDED0BB1B4E196A008A730B /* oImgLayer.cpp in Sources */,
				ACDED0B51B4E196A008A730B /* oDataList.cpp in Sources */,
				ACDED0981B4E193B008A730B /* oBaseComponent.cpp in Sources */,
				ACDED09E1B4E193B008A730B /* oXCompLib.cpp in Sources */,
				ACDED09C1B4E193B008A730B /* oRGBAImage.cpp in Sources */,
				ACDED0991B4E193B008A730B /* oBaseNVComponent.cpp in Sources */,
				ACDED0BD1B4E196A008A730B /* widget.cpp in Sources */,
				ACDED0BA1B4E196A008A730B /* oImage.cpp in Sources */,
				ACDED0BC1B4E196A008A730B /* oRoundedButton.cpp in Sources */,
				ACDED09B1B4E193B008A730B /* oDrawingCanvas.cpp in Sources */,
				ACDED09F1B4E193B008A730B /* qString.cpp in Sources */,
			);
			runOnlyForDeploymentPostprocessing = 0;
		};
/* End PBXSourcesBuildPhase section */

/* Begin PBXVariantGroup section */
		089C167DFE841241C02AAC07 /* InfoPlist.strings */ = {
			isa = PBXVariantGroup;
			children = (
				089C167EFE841241C02AAC07 /* English */,
			);
			name = InfoPlist.strings;
			sourceTree = "<group>";
		};
		ACDED0BE1B4E197D008A730B /* oWidget.bmp */ = {
			isa = PBXVariantGroup;
			children = (
				ACDED0BF1B4E197D008A730B /* English */,
			);
			name = oWidget.bmp;
			sourceTree = "<group>";
		};
		ACDED0C01B4E197D008A730B /* oWidget.rc */ = {
			isa = PBXVariantGroup;
			children = (
				ACDED0C11B4E197D008A730B /* English */,
			);
			name = oWidget.rc;
			sourceTree = "<group>";
		};
/* End PBXVariantGroup section */

/* Begin XCBuildConfiguration section */
		96CA4E5E0907E8CC00C234AA /* Development */ = {
			isa = XCBuildConfiguration;
			buildSettings = {
				ARCHS = "$(ARCHS_STANDARD_32_BIT)";
				BUILD_VARIANTS = normal;
				COPY_PHASE_STRIP = NO;
				DEPLOYMENT_LOCATION = YES;
				FRAMEWORK_SEARCH_PATHS = "$(SRCROOT)/../complib";
				GCC_DYNAMIC_NO_PIC = NO;
				GCC_ENABLE_FIX_AND_CONTINUE = YES;
				GCC_GENERATE_DEBUGGING_SYMBOLS = YES;
				GCC_OPTIMIZATION_LEVEL = 0;
				GCC_PRECOMPILE_PREFIX_HEADER = NO;
				GCC_PREFIX_HEADER = $PROJECT_DIR/../complib/u_complib.framework/Headers/carbnuni.h;
				GENERATE_PKGINFO_FILE = YES;
				HEADER_SEARCH_PATHS = (
					/Developer/Headers/FlatCarbon,
					$PROJECT_DIR/../complib/u_complib.framework/Headers,
				);
				INFOPLIST_FILE = $PROJECT_DIR/Info.plist;
				INIT_ROUTINE = "";
				INSTALL_PATH = "$(PROJECT_DIR)/../_OSXUnicodeDbg";
				LIBRARY_SEARCH_PATHS = "";
				LIBRARY_STYLE = DYNAMIC;
				MACOSX_DEPLOYMENT_TARGET = 10.7;
				OTHER_CFLAGS = (
					"-fshort-wchar",
					"-Dismach_o",
					"-DOMNISSDK=61",
					"-Wno-comment",
				);
				OTHER_CPLUSPLUSFLAGS = "$(OTHER_CFLAGS)";
				OTHER_LDFLAGS = "";
				PRODUCT_NAME = oWidget;
				RESMERGER_SOURCES_FORK = data;
				REZ_SEARCH_PATHS = (
					/Developer/Headers/FlatCarbon,
					$PROJECT_DIR,
					$PROJECT_DIR/English.lproj,
				);
				WRAPPER_EXTENSION = u_xcomp;
				ZERO_LINK = NO;
			};
			name = Development;
		};
		96CA4E5F0907E8CC00C234AA /* Deployment */ = {
			isa = XCBuildConfiguration;
			buildSettings = {
				ARCHS = "$(ARCHS_STANDARD_32_BIT)";
				COPY_PHASE_STRIP = YES;
				DEPLOYMENT_LOCATION = YES;
				DSTROOT = /;
				FRAMEWORK_SEARCH_PATHS = "$(SRCROOT)/../complib";
				GCC_ENABLE_FIX_AND_CONTINUE = NO;
				GCC_GENERATE_DEBUGGING_SYMBOLS = NO;
				GCC_PRECOMPILE_PREFIX_HEADER = NO;
				GCC_PREFIX_HEADER = $PROJECT_DIR/../complib/u_complib.framework/Headers/carbnuni.h;
				GENERATE_PKGINFO_FILE = YES;
				HEADER_SEARCH_PATHS = (
					/Developer/Headers/FlatCarbon,
					$PROJECT_DIR/../complib/u_complib.framework/Headers,
				);
				INFOPLIST_FILE = $PROJECT_DIR/Info.plist;
				INSTALL_PATH = "$(PROJECT_DIR)/../_OSXUnicode";
				LIBRARY_SEARCH_PATHS = "";
				LIBRARY_STYLE = DYNAMIC;
				MACOSX_DEPLOYMENT_TARGET = 10.7;
				OTHER_CFLAGS = (
					"-fshort-wchar",
					"-Dismach_o",
					"-DOMNISSDK=61",
					"-Wno-comment",
				);
				OTHER_CPLUSPLUSFLAGS = "$(OTHER_CFLAGS)";
				PRODUCT_NAME = oWidget;
				RESMERGER_SOURCES_FORK = data;
				REZ_SEARCH_PATHS = (
					/Developer/Headers/FlatCarbon,
					$PROJECT_DIR,
					$PROJECT_DIR/English.lproj,
				);
				SKIP_INSTALL = NO;
				WRAPPER_EXTENSION = u_xcomp;
				ZERO_LINK = NO;
			};
			name = Deployment;
		};
		96CF455F08FBABD1003AA3FE /* Development */ = {
			isa = XCBuildConfiguration;
			buildSettings = {
				ARCHS = i386;
				COPY_PHASE_STRIP = NO;
				DSTROOT = /;
				GCC_WARN_ABOUT_DEPRECATED_FUNCTIONS = NO;
				LIBRARY_STYLE = DYNAMIC;
				MACOSX_DEPLOYMENT_TARGET = 10.7;
				SDKROOT = macosx10.7;
			};
			name = Development;
		};
		96CF456008FBABD1003AA3FE /* Deployment */ = {
			isa = XCBuildConfiguration;
			buildSettings = {
				ARCHS = i386;
				GCC_WARN_ABOUT_DEPRECATED_FUNCTIONS = NO;
				MACOSX_DEPLOYMENT_TARGET = 10.7;
				SDKROOT = macosx10.7;
			};
			name = Deployment;
		};
/* End XCBuildConfiguration section */

/* Begin XCConfigurationList section */
		96CA4E5D0907E8CC00C234AA /* Build configuration list for PBXNativeTarget "UnicodeCore" */ = {
			isa = XCConfigurationList;
			buildConfigurations = (
				96CA4E5E0907E8CC00C234AA /* Development */,
				96CA4E5F0907E8CC00C234AA /* Deployment */,
			);
			defaultConfigurationIsVisible = 0;
			defaultConfigurationName = Development;
		};
		96CF455E08FBABD1003AA3FE /* Build configuration list for PBXProject "oWidget_OS61" */ = {
			isa = XCConfigurationList;
			buildConfigurations = (
				96CF455F08FBABD1003AA3FE /* Development */,
				96CF456008FBABD1003AA3FE /* Deployment */,
			);
			defaultConfigurationIsVisible = 0;
			defaultConfigurationName = Development;
		};
/* End XCConfigurationList section */
	};
	rootObject = 089C1669FE841209C02AAC07 /* Project object */;
}
