<?xml version="1.0" encoding="utf-8"?>
<Project ToolsVersion="4.0" xmlns="http://schemas.microsoft.com/developer/msbuild/2003">
  <ItemGroup>
    <None Include="oWidget.DEF" />
  </ItemGroup>
  <ItemGroup>
    <ClInclude Include="thirdparty\omnis.xcomp.framework\oBaseComponent.h">
      <Filter>omnis.xcomp.framework</Filter>
    </ClInclude>
    <ClInclude Include="thirdparty\omnis.xcomp.framework\oBaseNVComponent.h">
      <Filter>omnis.xcomp.framework</Filter>
    </ClInclude>
    <ClInclude Include="thirdparty\omnis.xcomp.framework\oBaseVisComponent.h">
      <Filter>omnis.xcomp.framework</Filter>
    </ClInclude>
    <ClInclude Include="thirdparty\omnis.xcomp.framework\oDrawingCanvas.h">
      <Filter>omnis.xcomp.framework</Filter>
    </ClInclude>
    <ClInclude Include="thirdparty\omnis.xcomp.framework\omnis.xcomp.framework.h">
      <Filter>omnis.xcomp.framework</Filter>
    </ClInclude>
    <ClInclude Include="thirdparty\omnis.xcomp.framework\oRGBAImage.h">
      <Filter>omnis.xcomp.framework</Filter>
    </ClInclude>
    <ClInclude Include="thirdparty\omnis.xcomp.framework\oUTF8.h">
      <Filter>omnis.xcomp.framework</Filter>
    </ClInclude>
    <ClInclude Include="thirdparty\omnis.xcomp.framework\oXCompLib.h">
      <Filter>omnis.xcomp.framework</Filter>
    </ClInclude>
    <ClInclude Include="thirdparty\omnis.xcomp.framework\qArray.h">
      <Filter>omnis.xcomp.framework</Filter>
    </ClInclude>
    <ClInclude Include="thirdparty\omnis.xcomp.framework\qString.h">
      <Filter>omnis.xcomp.framework</Filter>
    </ClInclude>
    <ClInclude Include="thirdparty\omnis.xcomp.framework\xCompStandardIncludes.h">
      <Filter>omnis.xcomp.framework</Filter>
    </ClInclude>
    <ClInclude Include="Src\oCountButton.h">
      <Filter>include</Filter>
    </ClInclude>
    <ClInclude Include="Src\oDataList.h">
      <Filter>include</Filter>
    </ClInclude>
    <ClInclude Include="Src\oDateTime.h">
      <Filter>include</Filter>
    </ClInclude>
    <ClInclude Include="Src\oDLNode.h">
      <Filter>include</Filter>
    </ClInclude>
    <ClInclude Include="Src\oDropDown.h">
      <Filter>include</Filter>
    </ClInclude>
    <ClInclude Include="Src\oFontDropDown.h">
      <Filter>include</Filter>
    </ClInclude>
    <ClInclude Include="Src\oImage.h">
      <Filter>include</Filter>
    </ClInclude>
    <ClInclude Include="Src\oImgLayer.h">
      <Filter>include</Filter>
    </ClInclude>
    <ClInclude Include="Src\oRoundedButton.h">
      <Filter>include</Filter>
    </ClInclude>
    <ClInclude Include="Src\widget.h">
      <Filter>include</Filter>
    </ClInclude>
  </ItemGroup>
  <ItemGroup>
    <Filter Include="source">
      <UniqueIdentifier>{042c8f37-28e8-4eac-833d-4d8cd3ba4f61}</UniqueIdentifier>
    </Filter>
    <Filter Include="resources">
      <UniqueIdentifier>{10e9e5b8-e8a7-4a18-a057-3e0006209318}</UniqueIdentifier>
    </Filter>
    <Filter Include="omnis.xcomp.framework">
      <UniqueIdentifier>{f46b3caa-59da-41fa-aea0-0fc061e6e6e5}</UniqueIdentifier>
    </Filter>
  </ItemGroup>
  <ItemGroup>
    <ClCompile Include="thirdparty\omnis.xcomp.framework\FrameworkWndProc.cpp">
      <Filter>omnis.xcomp.framework</Filter>
    </ClCompile>
    <ClCompile Include="thirdparty\omnis.xcomp.framework\oBaseComponent.cpp">
      <Filter>omnis.xcomp.framework</Filter>
    </ClCompile>
    <ClCompile Include="thirdparty\omnis.xcomp.framework\oBaseNVComponent.cpp">
      <Filter>omnis.xcomp.framework</Filter>
    </ClCompile>
    <ClCompile Include="thirdparty\omnis.xcomp.framework\oBaseVisComponent.cpp">
      <Filter>omnis.xcomp.framework</Filter>
    </ClCompile>
    <ClCompile Include="thirdparty\omnis.xcomp.framework\oDrawingCanvas.cpp">
      <Filter>omnis.xcomp.framework</Filter>
    </ClCompile>
    <ClCompile Include="thirdparty\omnis.xcomp.framework\oRGBAImage.cpp">
      <Filter>omnis.xcomp.framework</Filter>
    </ClCompile>
    <ClCompile Include="thirdparty\omnis.xcomp.framework\oUTF8.cpp">
      <Filter>omnis.xcomp.framework</Filter>
    </ClCompile>
    <ClCompile Include="thirdparty\omnis.xcomp.framework\oXCompLib.cpp">
      <Filter>omnis.xcomp.framework</Filter>
    </ClCompile>
    <ClCompile Include="thirdparty\omnis.xcomp.framework\qString.cpp">
      <Filter>omnis.xcomp.framework</Filter>
    </ClCompile>
    <ClCompile Include="Src\oCountButton.cpp">
      <Filter>source</Filter>
    </ClCompile>
    <ClCompile Include="Src\oDataList.cpp">
      <Filter>source</Filter>
    </ClCompile>
    <ClCompile Include="Src\oDateTime.cpp">
      <Filter>source</Filter>
    </ClCompile>
    <ClCompile Include="Src\oDLNode.cpp">
      <Filter>source</Filter>
    </ClCompile>
    <ClCompile Include="Src\oDropDown.cpp">
      <Filter>source</Filter>
    </ClCompile>
    <ClCompile Include="Src\oFontDropDown.cpp">
      <Filter>source</Filter>
    </ClCompile>
    <ClCompile Include="Src\oImage.cpp">
      <Filter>source</Filter>
    </ClCompile>
    <ClCompile Include="Src\oImgLayer.cpp">
      <Filter>source</Filter>
    </ClCompile>
    <ClCompile Include="Src\oRoundedButton.cpp">
      <Filter>source</Filter>
    </ClCompile>
    <ClCompile Include="Src\widget.cpp">
      <Filter>source</Filter>
    </ClCompile>
  </ItemGroup>
  <ItemGroup>
    <Image Include="resources\oWidget.bmp">
      <Filter>resources</Filter>
    </Image>
  </ItemGroup>
  <ItemGroup>
    <ResourceCompile Include="resources\oWidget.rc">
      <Filter>resources</Filter>
    </ResourceCompile>
  </ItemGroup>
</Project>
