// !$*UTF8*$!
{
	archiveVersion = 1;
	classes = {
	};
	objectVersion = 42;
	objects = {

/* Begin PBXAggregateTarget section */
		96D355F20908DD62006B6436 /* ReleaseBuild */ = {
			isa = PBXAggregateTarget;
			buildConfigurationList = 96D355F30908DD80006B6436 /* Build configuration list for PBXAggregateTarget "ReleaseBuild" */;
			buildPhases = (
			);
			dependencies = (
				9658838409BC64BB0063770F /* PBXTargetDependency */,
			);
			name = ReleaseBuild;
			productName = ReleaseBuild;
		};
/* End PBXAggregateTarget section */

/* Begin PBXBuildFile section */
		96CA4E550907E8CC00C234AA /* InfoPlist.strings in Resources */ = {isa = PBXBuildFile; fileRef = 089C167DFE841241C02AAC07 /* InfoPlist.strings */; };
		96CA4E5A0907E8CC00C234AA /* Carbon.framework in Frameworks */ = {isa = PBXBuildFile; fileRef = 08EA7FFBFE8413EDC02AAC07 /* Carbon.framework */; };
		96CA4E660907EB0700C234AA /* u_complib.framework in Frameworks */ = {isa = PBXBuildFile; fileRef = 96CA4E650907EB0700C234AA /* u_complib.framework */; };
		AC1FE41D18D07ACD007C0416 /* oBaseNVComponent.cpp in Sources */ = {isa = PBXBuildFile; fileRef = AC1FE41818D07ACD007C0416 /* oBaseNVComponent.cpp */; };
		AC1FE41E18D07ACD007C0416 /* oBaseVisComponent.cpp in Sources */ = {isa = PBXBuildFile; fileRef = AC1FE41A18D07ACD007C0416 /* oBaseVisComponent.cpp */; };
		AC26287918DBF58100A5BC69 /* oDataList.cpp in Sources */ = {isa = PBXBuildFile; fileRef = AC26287718DBF58100A5BC69 /* oDataList.cpp */; };
		AC26287A18DBF58100A5BC69 /* oDLNode.cpp in Sources */ = {isa = PBXBuildFile; fileRef = AC26287818DBF58100A5BC69 /* oDLNode.cpp */; };
		AC4B180617CC557D00E9447A /* FrameworkWndProc.cpp in Sources */ = {isa = PBXBuildFile; fileRef = AC4B17FA17CC557D00E9447A /* FrameworkWndProc.cpp */; };
		AC4B180717CC557D00E9447A /* oBaseComponent.cpp in Sources */ = {isa = PBXBuildFile; fileRef = AC4B17FB17CC557D00E9447A /* oBaseComponent.cpp */; };
		AC4B180817CC557D00E9447A /* oUTF8.cpp in Sources */ = {isa = PBXBuildFile; fileRef = AC4B17FE17CC557D00E9447A /* oUTF8.cpp */; };
		AC4B180917CC557D00E9447A /* oXCompLib.cpp in Sources */ = {isa = PBXBuildFile; fileRef = AC4B180017CC557D00E9447A /* oXCompLib.cpp */; };
		AC4B180A17CC557D00E9447A /* qString.cpp in Sources */ = {isa = PBXBuildFile; fileRef = AC4B180317CC557D00E9447A /* qString.cpp */; };
		AC50A5221916FB59009F8C74 /* oDropDown.cpp in Sources */ = {isa = PBXBuildFile; fileRef = AC50A5211916FB59009F8C74 /* oDropDown.cpp */; };
		AC7720351919C58100F48FA7 /* oDrawingCanvas.cpp in Sources */ = {isa = PBXBuildFile; fileRef = AC7720341919C58100F48FA7 /* oDrawingCanvas.cpp */; };
		ACA0A88018D0817B006F9D3B /* oCountButton.cpp in Sources */ = {isa = PBXBuildFile; fileRef = ACA0A87D18D0817B006F9D3B /* oCountButton.cpp */; };
		ACA0A88118D0817B006F9D3B /* oDateTime.cpp in Sources */ = {isa = PBXBuildFile; fileRef = ACA0A87E18D0817B006F9D3B /* oDateTime.cpp */; };
		ACA0A88218D0817B006F9D3B /* widget.cpp in Sources */ = {isa = PBXBuildFile; fileRef = ACA0A87F18D0817B006F9D3B /* widget.cpp */; };
		ACA0A88718D08185006F9D3B /* oWidget.bmp in Resources */ = {isa = PBXBuildFile; fileRef = ACA0A88318D08185006F9D3B /* oWidget.bmp */; };
		ACA0A88818D0819D006F9D3B /* oWidget.rc in Resources */ = {isa = PBXBuildFile; fileRef = ACA0A88518D08185006F9D3B /* oWidget.rc */; };
		ACE7A4921957BFB3008DD414 /* oImgLayer.cpp in Sources */ = {isa = PBXBuildFile; fileRef = ACE7A4911957BFB3008DD414 /* oImgLayer.cpp */; };
		ACE7A4951957BFD6008DD414 /* oImage.cpp in Sources */ = {isa = PBXBuildFile; fileRef = ACE7A4941957BFD6008DD414 /* oImage.cpp */; };
/* End PBXBuildFile section */

/* Begin PBXBuildRule section */
		96CA4E5C0907E8CC00C234AA /* PBXBuildRule */ = {
			isa = PBXBuildRule;
			compilerSpec = com.apple.compilers.proxy.script;
			filePatterns = "*.rc";
			fileType = pattern.proxy;
			isEditable = 1;
			outputFiles = (
				"$(TEMP_FILE_DIR)/omnisrc/Localizable.strings",
			);
			script = "/Developer/Tools/omnisrc.app/Contents/MacOS/omnisrc INPUT_FILE_PATH TEMP_FILE_DIR REZ_SEARCH_PATHS XCOMP\ncp $TEMP_FILE_DIR/omnisrc/xcomp.rsrc $INSTALL_DIR/$CONTENTS_FOLDER_PATH/Resources";
		};
/* End PBXBuildRule section */

/* Begin PBXContainerItemProxy section */
		9658838309BC64BB0063770F /* PBXContainerItemProxy */ = {
			isa = PBXContainerItemProxy;
			containerPortal = 089C1669FE841209C02AAC07 /* Project object */;
			proxyType = 1;
			remoteGlobalIDString = 96CA4E530907E8CC00C234AA;
			remoteInfo = UnicodeCore;
		};
/* End PBXContainerItemProxy section */

/* Begin PBXFileReference section */
		089C167EFE841241C02AAC07 /* English */ = {isa = PBXFileReference; fileEncoding = 4; lastKnownFileType = text.plist.strings; name = English; path = English.lproj/InfoPlist.strings; sourceTree = "<group>"; };
		08EA7FFBFE8413EDC02AAC07 /* Carbon.framework */ = {isa = PBXFileReference; lastKnownFileType = wrapper.framework; name = Carbon.framework; path = /System/Library/Frameworks/Carbon.framework; sourceTree = "<absolute>"; };
		96CA4E610907E8CC00C234AA /* oWidget.u_xcomp */ = {isa = PBXFileReference; explicitFileType = wrapper.cfbundle; includeInIndex = 0; path = oWidget.u_xcomp; sourceTree = BUILT_PRODUCTS_DIR; };
		96CA4E650907EB0700C234AA /* u_complib.framework */ = {isa = PBXFileReference; lastKnownFileType = wrapper.framework; name = u_complib.framework; path = ../complib/u_complib.framework; sourceTree = SOURCE_ROOT; };
		AC1FE41818D07ACD007C0416 /* oBaseNVComponent.cpp */ = {isa = PBXFileReference; fileEncoding = 4; lastKnownFileType = sourcecode.cpp.cpp; name = oBaseNVComponent.cpp; path = ../omnis.xcomp.framework/oBaseNVComponent.cpp; sourceTree = SOURCE_ROOT; };
		AC1FE41918D07ACD007C0416 /* oBaseNVComponent.h */ = {isa = PBXFileReference; fileEncoding = 4; lastKnownFileType = sourcecode.c.h; name = oBaseNVComponent.h; path = ../omnis.xcomp.framework/oBaseNVComponent.h; sourceTree = SOURCE_ROOT; };
		AC1FE41A18D07ACD007C0416 /* oBaseVisComponent.cpp */ = {isa = PBXFileReference; fileEncoding = 4; lastKnownFileType = sourcecode.cpp.cpp; name = oBaseVisComponent.cpp; path = ../omnis.xcomp.framework/oBaseVisComponent.cpp; sourceTree = SOURCE_ROOT; };
		AC1FE41B18D07ACD007C0416 /* oBaseVisComponent.h */ = {isa = PBXFileReference; fileEncoding = 4; lastKnownFileType = sourcecode.c.h; name = oBaseVisComponent.h; path = ../omnis.xcomp.framework/oBaseVisComponent.h; sourceTree = SOURCE_ROOT; };
		AC26287518DBF57100A5BC69 /* oDataList.h */ = {isa = PBXFileReference; fileEncoding = 4; lastKnownFileType = sourcecode.c.h; name = oDataList.h; path = Src/oDataList.h; sourceTree = "<group>"; };
		AC26287618DBF57100A5BC69 /* oDLNode.h */ = {isa = PBXFileReference; fileEncoding = 4; lastKnownFileType = sourcecode.c.h; name = oDLNode.h; path = Src/oDLNode.h; sourceTree = "<group>"; };
		AC26287718DBF58100A5BC69 /* oDataList.cpp */ = {isa = PBXFileReference; fileEncoding = 4; lastKnownFileType = sourcecode.cpp.cpp; name = oDataList.cpp; path = Src/oDataList.cpp; sourceTree = "<group>"; };
		AC26287818DBF58100A5BC69 /* oDLNode.cpp */ = {isa = PBXFileReference; fileEncoding = 4; lastKnownFileType = sourcecode.cpp.cpp; name = oDLNode.cpp; path = Src/oDLNode.cpp; sourceTree = "<group>"; };
		AC4B17FA17CC557D00E9447A /* FrameworkWndProc.cpp */ = {isa = PBXFileReference; fileEncoding = 4; lastKnownFileType = sourcecode.cpp.cpp; name = FrameworkWndProc.cpp; path = ../omnis.xcomp.framework/FrameworkWndProc.cpp; sourceTree = SOURCE_ROOT; };
		AC4B17FB17CC557D00E9447A /* oBaseComponent.cpp */ = {isa = PBXFileReference; fileEncoding = 4; lastKnownFileType = sourcecode.cpp.cpp; name = oBaseComponent.cpp; path = ../omnis.xcomp.framework/oBaseComponent.cpp; sourceTree = SOURCE_ROOT; };
		AC4B17FC17CC557D00E9447A /* oBaseComponent.h */ = {isa = PBXFileReference; fileEncoding = 4; lastKnownFileType = sourcecode.c.h; name = oBaseComponent.h; path = ../omnis.xcomp.framework/oBaseComponent.h; sourceTree = SOURCE_ROOT; };
		AC4B17FD17CC557D00E9447A /* omnis.xcomp.framework.h */ = {isa = PBXFileReference; fileEncoding = 4; lastKnownFileType = sourcecode.c.h; name = omnis.xcomp.framework.h; path = ../omnis.xcomp.framework/omnis.xcomp.framework.h; sourceTree = SOURCE_ROOT; };
		AC4B17FE17CC557D00E9447A /* oUTF8.cpp */ = {isa = PBXFileReference; fileEncoding = 4; lastKnownFileType = sourcecode.cpp.cpp; name = oUTF8.cpp; path = ../omnis.xcomp.framework/oUTF8.cpp; sourceTree = SOURCE_ROOT; };
		AC4B17FF17CC557D00E9447A /* oUTF8.h */ = {isa = PBXFileReference; fileEncoding = 4; lastKnownFileType = sourcecode.c.h; name = oUTF8.h; path = ../omnis.xcomp.framework/oUTF8.h; sourceTree = SOURCE_ROOT; };
		AC4B180017CC557D00E9447A /* oXCompLib.cpp */ = {isa = PBXFileReference; fileEncoding = 4; lastKnownFileType = sourcecode.cpp.cpp; name = oXCompLib.cpp; path = ../omnis.xcomp.framework/oXCompLib.cpp; sourceTree = SOURCE_ROOT; };
		AC4B180117CC557D00E9447A /* oXCompLib.h */ = {isa = PBXFileReference; fileEncoding = 4; lastKnownFileType = sourcecode.c.h; name = oXCompLib.h; path = ../omnis.xcomp.framework/oXCompLib.h; sourceTree = SOURCE_ROOT; };
		AC4B180217CC557D00E9447A /* qArray.h */ = {isa = PBXFileReference; fileEncoding = 4; lastKnownFileType = sourcecode.c.h; name = qArray.h; path = ../omnis.xcomp.framework/qArray.h; sourceTree = SOURCE_ROOT; };
		AC4B180317CC557D00E9447A /* qString.cpp */ = {isa = PBXFileReference; fileEncoding = 4; lastKnownFileType = sourcecode.cpp.cpp; name = qString.cpp; path = ../omnis.xcomp.framework/qString.cpp; sourceTree = SOURCE_ROOT; };
		AC4B180417CC557D00E9447A /* qString.h */ = {isa = PBXFileReference; fileEncoding = 4; lastKnownFileType = sourcecode.c.h; name = qString.h; path = ../omnis.xcomp.framework/qString.h; sourceTree = SOURCE_ROOT; };
		AC4B180517CC557D00E9447A /* xCompStandardIncludes.h */ = {isa = PBXFileReference; fileEncoding = 4; lastKnownFileType = sourcecode.c.h; name = xCompStandardIncludes.h; path = ../omnis.xcomp.framework/xCompStandardIncludes.h; sourceTree = SOURCE_ROOT; };
		AC50A5201916FB48009F8C74 /* oDropDown.h */ = {isa = PBXFileReference; fileEncoding = 4; lastKnownFileType = sourcecode.c.h; name = oDropDown.h; path = Src/oDropDown.h; sourceTree = "<group>"; };
		AC50A5211916FB59009F8C74 /* oDropDown.cpp */ = {isa = PBXFileReference; fileEncoding = 4; lastKnownFileType = sourcecode.cpp.cpp; name = oDropDown.cpp; path = Src/oDropDown.cpp; sourceTree = "<group>"; };
		AC7720331919C58100F48FA7 /* oDrawingCanvas.h */ = {isa = PBXFileReference; fileEncoding = 4; lastKnownFileType = sourcecode.c.h; name = oDrawingCanvas.h; path = ../omnis.xcomp.framework/oDrawingCanvas.h; sourceTree = SOURCE_ROOT; };
		AC7720341919C58100F48FA7 /* oDrawingCanvas.cpp */ = {isa = PBXFileReference; fileEncoding = 4; lastKnownFileType = sourcecode.cpp.cpp; name = oDrawingCanvas.cpp; path = ../omnis.xcomp.framework/oDrawingCanvas.cpp; sourceTree = SOURCE_ROOT; };
		ACA0A87A18D08160006F9D3B /* oCountButton.h */ = {isa = PBXFileReference; fileEncoding = 4; lastKnownFileType = sourcecode.c.h; name = oCountButton.h; path = Src/oCountButton.h; sourceTree = "<group>"; };
		ACA0A87B18D08160006F9D3B /* oDateTime.h */ = {isa = PBXFileReference; fileEncoding = 4; lastKnownFileType = sourcecode.c.h; name = oDateTime.h; path = Src/oDateTime.h; sourceTree = "<group>"; };
		ACA0A87C18D08160006F9D3B /* widget.h */ = {isa = PBXFileReference; fileEncoding = 4; lastKnownFileType = sourcecode.c.h; name = widget.h; path = Src/widget.h; sourceTree = "<group>"; };
		ACA0A87D18D0817B006F9D3B /* oCountButton.cpp */ = {isa = PBXFileReference; fileEncoding = 4; lastKnownFileType = sourcecode.cpp.cpp; name = oCountButton.cpp; path = Src/oCountButton.cpp; sourceTree = "<group>"; };
		ACA0A87E18D0817B006F9D3B /* oDateTime.cpp */ = {isa = PBXFileReference; fileEncoding = 4; lastKnownFileType = sourcecode.cpp.cpp; name = oDateTime.cpp; path = Src/oDateTime.cpp; sourceTree = "<group>"; };
		ACA0A87F18D0817B006F9D3B /* widget.cpp */ = {isa = PBXFileReference; fileEncoding = 4; lastKnownFileType = sourcecode.cpp.cpp; name = widget.cpp; path = Src/widget.cpp; sourceTree = "<group>"; };
		ACA0A88418D08185006F9D3B /* English */ = {isa = PBXFileReference; lastKnownFileType = image.bmp; name = English; path = English.lproj/oWidget.bmp; sourceTree = "<group>"; };
		ACA0A88618D08185006F9D3B /* English */ = {isa = PBXFileReference; explicitFileType = text; fileEncoding = 4; name = English; path = English.lproj/oWidget.rc; sourceTree = "<group>"; };
		ACE7A4901957BFB3008DD414 /* oImgLayer.h */ = {isa = PBXFileReference; fileEncoding = 4; lastKnownFileType = sourcecode.c.h; name = oImgLayer.h; path = Src/oImgLayer.h; sourceTree = "<group>"; };
		ACE7A4911957BFB3008DD414 /* oImgLayer.cpp */ = {isa = PBXFileReference; fileEncoding = 4; lastKnownFileType = sourcecode.cpp.cpp; name = oImgLayer.cpp; path = Src/oImgLayer.cpp; sourceTree = "<group>"; };
		ACE7A4931957BFD6008DD414 /* oImage.h */ = {isa = PBXFileReference; fileEncoding = 4; lastKnownFileType = sourcecode.c.h; name = oImage.h; path = Src/oImage.h; sourceTree = "<group>"; };
		ACE7A4941957BFD6008DD414 /* oImage.cpp */ = {isa = PBXFileReference; fileEncoding = 4; lastKnownFileType = sourcecode.cpp.cpp; name = oImage.cpp; path = Src/oImage.cpp; sourceTree = "<group>"; };
/* End PBXFileReference section */

/* Begin PBXFrameworksBuildPhase section */
		96CA4E590907E8CC00C234AA /* Frameworks */ = {
			isa = PBXFrameworksBuildPhase;
			buildActionMask = 2147483647;
			files = (
				96CA4E5A0907E8CC00C234AA /* Carbon.framework in Frameworks */,
				96CA4E660907EB0700C234AA /* u_complib.framework in Frameworks */,
			);
			runOnlyForDeploymentPostprocessing = 0;
		};
/* End PBXFrameworksBuildPhase section */

/* Begin PBXGroup section */
		089C166AFE841209C02AAC07 /* xrandom */ = {
			isa = PBXGroup;
			children = (
				AC4B17F417CC555400E9447A /* omnis.xcomp.frameworks */,
				96D631340905093100E0F291 /* Headers */,
				08FB77ADFE841716C02AAC07 /* Source */,
				089C167CFE841241C02AAC07 /* Resources */,
				089C1671FE841209C02AAC07 /* External Frameworks and Libraries */,
				19C28FB4FE9D528D11CA2CBB /* Products */,
			);
			name = xrandom;
			sourceTree = "<group>";
		};
		089C1671FE841209C02AAC07 /* External Frameworks and Libraries */ = {
			isa = PBXGroup;
			children = (
				96CA4E650907EB0700C234AA /* u_complib.framework */,
				08EA7FFBFE8413EDC02AAC07 /* Carbon.framework */,
			);
			name = "External Frameworks and Libraries";
			sourceTree = "<group>";
		};
		089C167CFE841241C02AAC07 /* Resources */ = {
			isa = PBXGroup;
			children = (
				ACA0A88318D08185006F9D3B /* oWidget.bmp */,
				ACA0A88518D08185006F9D3B /* oWidget.rc */,
				089C167DFE841241C02AAC07 /* InfoPlist.strings */,
			);
			name = Resources;
			sourceTree = "<group>";
		};
		08FB77ADFE841716C02AAC07 /* Source */ = {
			isa = PBXGroup;
			children = (
				ACA0A87D18D0817B006F9D3B /* oCountButton.cpp */,
				AC26287718DBF58100A5BC69 /* oDataList.cpp */,
				AC26287818DBF58100A5BC69 /* oDLNode.cpp */,
				ACA0A87E18D0817B006F9D3B /* oDateTime.cpp */,
				AC50A5211916FB59009F8C74 /* oDropDown.cpp */,
				ACE7A4911957BFB3008DD414 /* oImgLayer.cpp */,
				ACE7A4941957BFD6008DD414 /* oImage.cpp */,
				ACA0A87F18D0817B006F9D3B /* widget.cpp */,
			);
			name = Source;
			sourceTree = "<group>";
		};
		19C28FB4FE9D528D11CA2CBB /* Products */ = {
			isa = PBXGroup;
			children = (
				96CA4E610907E8CC00C234AA /* oWidget.u_xcomp */,
			);
			name = Products;
			sourceTree = "<group>";
		};
		96D631340905093100E0F291 /* Headers */ = {
			isa = PBXGroup;
			children = (
				ACA0A87A18D08160006F9D3B /* oCountButton.h */,
				AC26287518DBF57100A5BC69 /* oDataList.h */,
				AC26287618DBF57100A5BC69 /* oDLNode.h */,
				ACA0A87B18D08160006F9D3B /* oDateTime.h */,
				AC50A5201916FB48009F8C74 /* oDropDown.h */,
				ACE7A4901957BFB3008DD414 /* oImgLayer.h */,
				ACE7A4931957BFD6008DD414 /* oImage.h */,
				ACA0A87C18D08160006F9D3B /* widget.h */,
			);
			name = Headers;
			sourceTree = "<group>";
		};
		AC4B17F417CC555400E9447A /* omnis.xcomp.frameworks */ = {
			isa = PBXGroup;
			children = (
				AC1FE41818D07ACD007C0416 /* oBaseNVComponent.cpp */,
				AC1FE41918D07ACD007C0416 /* oBaseNVComponent.h */,
				AC1FE41A18D07ACD007C0416 /* oBaseVisComponent.cpp */,
				AC1FE41B18D07ACD007C0416 /* oBaseVisComponent.h */,
				AC4B17FA17CC557D00E9447A /* FrameworkWndProc.cpp */,
				AC4B17FB17CC557D00E9447A /* oBaseComponent.cpp */,
				AC4B17FC17CC557D00E9447A /* oBaseComponent.h */,
				AC4B17FD17CC557D00E9447A /* omnis.xcomp.framework.h */,
				AC4B17FE17CC557D00E9447A /* oUTF8.cpp */,
				AC4B17FF17CC557D00E9447A /* oUTF8.h */,
				AC4B180017CC557D00E9447A /* oXCompLib.cpp */,
				AC4B180117CC557D00E9447A /* oXCompLib.h */,
				AC4B180217CC557D00E9447A /* qArray.h */,
				AC4B180317CC557D00E9447A /* qString.cpp */,
				AC4B180417CC557D00E9447A /* qString.h */,
				AC4B180517CC557D00E9447A /* xCompStandardIncludes.h */,
				AC7720331919C58100F48FA7 /* oDrawingCanvas.h */,
				AC7720341919C58100F48FA7 /* oDrawingCanvas.cpp */,
			);
			name = omnis.xcomp.frameworks;
			sourceTree = "<group>";
		};
/* End PBXGroup section */

/* Begin PBXNativeTarget section */
		96CA4E530907E8CC00C234AA /* UnicodeCore */ = {
			isa = PBXNativeTarget;
			buildConfigurationList = 96CA4E5D0907E8CC00C234AA /* Build configuration list for PBXNativeTarget "UnicodeCore" */;
			buildPhases = (
				96CA4E540907E8CC00C234AA /* Resources */,
				96CA4E570907E8CC00C234AA /* Sources */,
				96CA4E590907E8CC00C234AA /* Frameworks */,
			);
			buildRules = (
				96CA4E5C0907E8CC00C234AA /* PBXBuildRule */,
			);
			dependencies = (
			);
			name = UnicodeCore;
			productInstallPath = "$(HOME)/Library/Bundles";
			productName = xrandom;
			productReference = 96CA4E610907E8CC00C234AA /* oWidget.u_xcomp */;
			productType = "com.apple.product-type.bundle";
		};
/* End PBXNativeTarget section */

/* Begin PBXProject section */
		089C1669FE841209C02AAC07 /* Project object */ = {
			isa = PBXProject;
			buildConfigurationList = 96CF455E08FBABD1003AA3FE /* Build configuration list for PBXProject "oWidget_OS6" */;
			compatibilityVersion = "Xcode 2.4";
			developmentRegion = English;
			hasScannedForEncodings = 1;
			knownRegions = (
				English,
				Japanese,
				French,
				German,
				english,
			);
			mainGroup = 089C166AFE841209C02AAC07 /* xrandom */;
			projectDirPath = "";
			projectRoot = "";
			targets = (
				96CA4E530907E8CC00C234AA /* UnicodeCore */,
				96D355F20908DD62006B6436 /* ReleaseBuild */,
			);
		};
/* End PBXProject section */

/* Begin PBXResourcesBuildPhase section */
		96CA4E540907E8CC00C234AA /* Resources */ = {
			isa = PBXResourcesBuildPhase;
			buildActionMask = 2147483647;
			files = (
				96CA4E550907E8CC00C234AA /* InfoPlist.strings in Resources */,
				ACA0A88718D08185006F9D3B /* oWidget.bmp in Resources */,
				ACA0A88818D0819D006F9D3B /* oWidget.rc in Resources */,
			);
			runOnlyForDeploymentPostprocessing = 0;
		};
/* End PBXResourcesBuildPhase section */

/* Begin PBXSourcesBuildPhase section */
		96CA4E570907E8CC00C234AA /* Sources */ = {
			isa = PBXSourcesBuildPhase;
			buildActionMask = 2147483647;
			files = (
				AC4B180617CC557D00E9447A /* FrameworkWndProc.cpp in Sources */,
				AC4B180717CC557D00E9447A /* oBaseComponent.cpp in Sources */,
				AC4B180817CC557D00E9447A /* oUTF8.cpp in Sources */,
				AC4B180917CC557D00E9447A /* oXCompLib.cpp in Sources */,
				AC4B180A17CC557D00E9447A /* qString.cpp in Sources */,
				AC1FE41D18D07ACD007C0416 /* oBaseNVComponent.cpp in Sources */,
				AC1FE41E18D07ACD007C0416 /* oBaseVisComponent.cpp in Sources */,
				ACA0A88018D0817B006F9D3B /* oCountButton.cpp in Sources */,
				ACA0A88118D0817B006F9D3B /* oDateTime.cpp in Sources */,
				ACA0A88218D0817B006F9D3B /* widget.cpp in Sources */,
				AC26287918DBF58100A5BC69 /* oDataList.cpp in Sources */,
				AC26287A18DBF58100A5BC69 /* oDLNode.cpp in Sources */,
				AC50A5221916FB59009F8C74 /* oDropDown.cpp in Sources */,
				AC7720351919C58100F48FA7 /* oDrawingCanvas.cpp in Sources */,
				ACE7A4921957BFB3008DD414 /* oImgLayer.cpp in Sources */,
				ACE7A4951957BFD6008DD414 /* oImage.cpp in Sources */,
			);
			runOnlyForDeploymentPostprocessing = 0;
		};
/* End PBXSourcesBuildPhase section */

/* Begin PBXTargetDependency section */
		9658838409BC64BB0063770F /* PBXTargetDependency */ = {
			isa = PBXTargetDependency;
			target = 96CA4E530907E8CC00C234AA /* UnicodeCore */;
			targetProxy = 9658838309BC64BB0063770F /* PBXContainerItemProxy */;
		};
/* End PBXTargetDependency section */

/* Begin PBXVariantGroup section */
		089C167DFE841241C02AAC07 /* InfoPlist.strings */ = {
			isa = PBXVariantGroup;
			children = (
				089C167EFE841241C02AAC07 /* English */,
			);
			name = InfoPlist.strings;
			sourceTree = "<group>";
		};
		ACA0A88318D08185006F9D3B /* oWidget.bmp */ = {
			isa = PBXVariantGroup;
			children = (
				ACA0A88418D08185006F9D3B /* English */,
			);
			name = oWidget.bmp;
			sourceTree = "<group>";
		};
		ACA0A88518D08185006F9D3B /* oWidget.rc */ = {
			isa = PBXVariantGroup;
			children = (
				ACA0A88618D08185006F9D3B /* English */,
			);
			name = oWidget.rc;
			sourceTree = "<group>";
		};
/* End PBXVariantGroup section */

/* Begin XCBuildConfiguration section */
		96CA4E5E0907E8CC00C234AA /* Development */ = {
			isa = XCBuildConfiguration;
			buildSettings = {
				BUILD_VARIANTS = normal;
				COPY_PHASE_STRIP = NO;
				DEPLOYMENT_LOCATION = YES;
				FRAMEWORK_SEARCH_PATHS = "$(SRCROOT)/../complib";
				GCC_DYNAMIC_NO_PIC = NO;
				GCC_ENABLE_FIX_AND_CONTINUE = YES;
				GCC_GENERATE_DEBUGGING_SYMBOLS = YES;
				GCC_OPTIMIZATION_LEVEL = 0;
				GCC_PRECOMPILE_PREFIX_HEADER = NO;
				GCC_PREFIX_HEADER = $PROJECT_DIR/../complib/u_complib.framework/Headers/carbnuni.h;
				GENERATE_PKGINFO_FILE = YES;
				HEADER_SEARCH_PATHS = (
					/Developer/Headers/FlatCarbon,
					$PROJECT_DIR/../complib/u_complib.framework/Headers,
				);
				INFOPLIST_FILE = $PROJECT_DIR/Info.plist;
				INIT_ROUTINE = "";
				INSTALL_PATH = "$(PROJECT_DIR)/../_OSXUnicodeDbg";
				LIBRARY_SEARCH_PATHS = "";
				LIBRARY_STYLE = DYNAMIC;
				OTHER_CFLAGS = (
					"-fshort-wchar",
					"-Dismach_o",
					"-Wno-comment",
				);
				OTHER_CPLUSPLUSFLAGS = "$(OTHER_CFLAGS)";
				OTHER_LDFLAGS = "";
				PRODUCT_NAME = oWidget;
				RESMERGER_SOURCES_FORK = data;
				REZ_SEARCH_PATHS = (
					/Developer/Headers/FlatCarbon,
					$PROJECT_DIR,
					$PROJECT_DIR/English.lproj,
				);
				WRAPPER_EXTENSION = u_xcomp;
				ZERO_LINK = NO;
			};
			name = Development;
		};
		96CA4E5F0907E8CC00C234AA /* Deployment */ = {
			isa = XCBuildConfiguration;
			buildSettings = {
				ARCHS = i386;
				COPY_PHASE_STRIP = YES;
				DEPLOYMENT_LOCATION = YES;
				DSTROOT = /;
				FRAMEWORK_SEARCH_PATHS = "$(SRCROOT)/../complib";
				GCC_ENABLE_FIX_AND_CONTINUE = NO;
				GCC_GENERATE_DEBUGGING_SYMBOLS = NO;
				GCC_PRECOMPILE_PREFIX_HEADER = NO;
				GCC_PREFIX_HEADER = $PROJECT_DIR/../complib/u_complib.framework/Headers/carbnuni.h;
				GENERATE_PKGINFO_FILE = YES;
				HEADER_SEARCH_PATHS = (
					/Developer/Headers/FlatCarbon,
					$PROJECT_DIR/../complib/u_complib.framework/Headers,
				);
				INFOPLIST_FILE = $PROJECT_DIR/Info.plist;
				INSTALL_PATH = "$(PROJECT_DIR)/../_OSXUnicode";
				LIBRARY_SEARCH_PATHS = "";
				LIBRARY_STYLE = DYNAMIC;
				OTHER_CFLAGS = (
					"-fshort-wchar",
					"-Dismach_o",
					"-Wno-comment",
				);
				OTHER_CPLUSPLUSFLAGS = "$(OTHER_CFLAGS)";
				PRODUCT_NAME = oWidget;
				RESMERGER_SOURCES_FORK = data;
				REZ_SEARCH_PATHS = (
					/Developer/Headers/FlatCarbon,
					$PROJECT_DIR,
					$PROJECT_DIR/English.lproj,
				);
				SKIP_INSTALL = NO;
				WRAPPER_EXTENSION = u_xcomp;
				ZERO_LINK = NO;
			};
			name = Deployment;
		};
		96CF455F08FBABD1003AA3FE /* Development */ = {
			isa = XCBuildConfiguration;
			buildSettings = {
				ARCHS = i386;
				COPY_PHASE_STRIP = NO;
				DSTROOT = /;
				GCC_WARN_ABOUT_DEPRECATED_FUNCTIONS = NO;
				LIBRARY_STYLE = DYNAMIC;
				MACOSX_DEPLOYMENT_TARGET = 10.6;
				SDKROOT = "$(DEVELOPER_SDK_DIR)/MacOSX10.6.sdk";
			};
			name = Development;
		};
		96CF456008FBABD1003AA3FE /* Deployment */ = {
			isa = XCBuildConfiguration;
			buildSettings = {
				ARCHS = i386;
				GCC_WARN_ABOUT_DEPRECATED_FUNCTIONS = NO;
				MACOSX_DEPLOYMENT_TARGET = 10.6;
				SDKROOT = "$(DEVELOPER_SDK_DIR)/MacOSX10.6.sdk";
			};
			name = Deployment;
		};
		96D355F40908DD80006B6436 /* Development */ = {
			isa = XCBuildConfiguration;
			buildSettings = {
				COPY_PHASE_STRIP = NO;
				GCC_GENERATE_DEBUGGING_SYMBOLS = YES;
				GCC_OPTIMIZATION_LEVEL = 0;
				OTHER_CFLAGS = "";
				OTHER_LDFLAGS = "";
				OTHER_REZFLAGS = "";
				PRODUCT_NAME = ReleaseBuild;
				SECTORDER_FLAGS = "";
				WARNING_CFLAGS = (
					"-Wmost",
					"-Wno-four-char-constants",
					"-Wno-unknown-pragmas",
				);
			};
			name = Development;
		};
		96D355F50908DD80006B6436 /* Deployment */ = {
			isa = XCBuildConfiguration;
			buildSettings = {
				COPY_PHASE_STRIP = YES;
				GCC_GENERATE_DEBUGGING_SYMBOLS = NO;
				GCC_OPTIMIZATION_LEVEL = 0;
				OTHER_CFLAGS = "";
				OTHER_LDFLAGS = "";
				OTHER_REZFLAGS = "";
				PRODUCT_NAME = ReleaseBuild;
				SECTORDER_FLAGS = "";
				WARNING_CFLAGS = (
					"-Wmost",
					"-Wno-four-char-constants",
					"-Wno-unknown-pragmas",
				);
			};
			name = Deployment;
		};
/* End XCBuildConfiguration section */

/* Begin XCConfigurationList section */
		96CA4E5D0907E8CC00C234AA /* Build configuration list for PBXNativeTarget "UnicodeCore" */ = {
			isa = XCConfigurationList;
			buildConfigurations = (
				96CA4E5E0907E8CC00C234AA /* Development */,
				96CA4E5F0907E8CC00C234AA /* Deployment */,
			);
			defaultConfigurationIsVisible = 0;
			defaultConfigurationName = Development;
		};
		96CF455E08FBABD1003AA3FE /* Build configuration list for PBXProject "oWidget_OS6" */ = {
			isa = XCConfigurationList;
			buildConfigurations = (
				96CF455F08FBABD1003AA3FE /* Development */,
				96CF456008FBABD1003AA3FE /* Deployment */,
			);
			defaultConfigurationIsVisible = 0;
			defaultConfigurationName = Development;
		};
		96D355F30908DD80006B6436 /* Build configuration list for PBXAggregateTarget "ReleaseBuild" */ = {
			isa = XCConfigurationList;
			buildConfigurations = (
				96D355F40908DD80006B6436 /* Development */,
				96D355F50908DD80006B6436 /* Deployment */,
			);
			defaultConfigurationIsVisible = 0;
			defaultConfigurationName = Development;
		};
/* End XCConfigurationList section */
	};
	rootObject = 089C1669FE841209C02AAC07 /* Project object */;
}
