// !$*UTF8*$!
{
	archiveVersion = 1;
	classes = {
	};
	objectVersion = 42;
	objects = {

/* Begin PBXBuildFile section */
		96CA4E550907E8CC00C234AA /* InfoPlist.strings in Resources */ = {isa = PBXBuildFile; fileRef = 089C167DFE841241C02AAC07 /* InfoPlist.strings */; };
		96CA4E5A0907E8CC00C234AA /* Cocoa.framework in Frameworks */ = {isa = PBXBuildFile; fileRef = 08EA7FFBFE8413EDC02AAC07 /* Cocoa.framework */; };
		96CA4E660907EB0700C234AA /* u_complib.framework in Frameworks */ = {isa = PBXBuildFile; fileRef = 96CA4E650907EB0700C234AA /* u_complib.framework */; };
		ACFD97162097DC67006A5A95 /* oFontDropDown.cpp in Sources */ = {isa = PBXBuildFile; fileRef = ACFD970B2097DC67006A5A95 /* oFontDropDown.cpp */; };
		ACFD97172097DC67006A5A95 /* oRoundedButton.cpp in Sources */ = {isa = PBXBuildFile; fileRef = ACFD970C2097DC67006A5A95 /* oRoundedButton.cpp */; };
		ACFD97182097DC67006A5A95 /* monitor_mac.mm in Sources */ = {isa = PBXBuildFile; fileRef = ACFD970D2097DC67006A5A95 /* monitor_mac.mm */; };
		ACFD97192097DC67006A5A95 /* oDLNode.cpp in Sources */ = {isa = PBXBuildFile; fileRef = ACFD970E2097DC67006A5A95 /* oDLNode.cpp */; };
		ACFD971A2097DC67006A5A95 /* oDateTime.cpp in Sources */ = {isa = PBXBuildFile; fileRef = ACFD970F2097DC67006A5A95 /* oDateTime.cpp */; };
		ACFD971B2097DC67006A5A95 /* oCountButton.cpp in Sources */ = {isa = PBXBuildFile; fileRef = ACFD97102097DC67006A5A95 /* oCountButton.cpp */; };
		ACFD971C2097DC67006A5A95 /* oDropDown.cpp in Sources */ = {isa = PBXBuildFile; fileRef = ACFD97112097DC67006A5A95 /* oDropDown.cpp */; };
		ACFD971D2097DC67006A5A95 /* oDataList.cpp in Sources */ = {isa = PBXBuildFile; fileRef = ACFD97122097DC67006A5A95 /* oDataList.cpp */; };
		ACFD971E2097DC67006A5A95 /* oImage.cpp in Sources */ = {isa = PBXBuildFile; fileRef = ACFD97132097DC67006A5A95 /* oImage.cpp */; };
		ACFD971F2097DC67006A5A95 /* oImgLayer.cpp in Sources */ = {isa = PBXBuildFile; fileRef = ACFD97142097DC67006A5A95 /* oImgLayer.cpp */; };
		ACFD97202097DC67006A5A95 /* widget.cpp in Sources */ = {isa = PBXBuildFile; fileRef = ACFD97152097DC67006A5A95 /* widget.cpp */; };
		ACFD97362097DC9B006A5A95 /* oBaseNVComponent.cpp in Sources */ = {isa = PBXBuildFile; fileRef = ACFD97222097DC99006A5A95 /* oBaseNVComponent.cpp */; };
		ACFD97372097DC9B006A5A95 /* oBaseComponent.cpp in Sources */ = {isa = PBXBuildFile; fileRef = ACFD97242097DC99006A5A95 /* oBaseComponent.cpp */; };
		ACFD97382097DC9B006A5A95 /* FrameworkWndProc.cpp in Sources */ = {isa = PBXBuildFile; fileRef = ACFD97272097DC99006A5A95 /* FrameworkWndProc.cpp */; };
		ACFD97392097DC9B006A5A95 /* qString.cpp in Sources */ = {isa = PBXBuildFile; fileRef = ACFD97292097DC99006A5A95 /* qString.cpp */; };
		ACFD973A2097DC9B006A5A95 /* oBaseVisComponent.cpp in Sources */ = {isa = PBXBuildFile; fileRef = ACFD972B2097DC99006A5A95 /* oBaseVisComponent.cpp */; };
		ACFD973B2097DC9B006A5A95 /* oXCompLib.cpp in Sources */ = {isa = PBXBuildFile; fileRef = ACFD972C2097DC9A006A5A95 /* oXCompLib.cpp */; };
		ACFD973C2097DC9B006A5A95 /* oDrawingCanvas.cpp in Sources */ = {isa = PBXBuildFile; fileRef = ACFD972F2097DC9A006A5A95 /* oDrawingCanvas.cpp */; };
		ACFD973D2097DC9B006A5A95 /* oUTF8.cpp in Sources */ = {isa = PBXBuildFile; fileRef = ACFD97332097DC9A006A5A95 /* oUTF8.cpp */; };
		ACFD973E2097DC9B006A5A95 /* oRGBAImage.cpp in Sources */ = {isa = PBXBuildFile; fileRef = ACFD97352097DC9A006A5A95 /* oRGBAImage.cpp */; };
		ACFD97432097DCB7006A5A95 /* oWidget.bmp in Resources */ = {isa = PBXBuildFile; fileRef = ACFD973F2097DCB7006A5A95 /* oWidget.bmp */; };
		ACFD97442097E0D4006A5A95 /* oWidget.rc in Resources */ = {isa = PBXBuildFile; fileRef = ACFD97412097DCB7006A5A95 /* oWidget.rc */; };
/* End PBXBuildFile section */

/* Begin PBXBuildRule section */
		96CA4E5C0907E8CC00C234AA /* PBXBuildRule */ = {
			isa = PBXBuildRule;
			compilerSpec = com.apple.compilers.proxy.script;
			filePatterns = "*.rc";
			fileType = pattern.proxy;
			isEditable = 1;
			outputFiles = (
				"$(TEMP_FILE_DIR)/omnisrc/Localizable.strings",
			);
			script = "$PROJECT_DIR/../tools/omnisrc64.app/Contents/MacOS/omnisrc64 INPUT_FILE_PATH TEMP_FILE_DIR REZ_SEARCH_PATHS XCOMP\nif [ -f $TEMP_FILE_DIR/omnisrc/Bitmap.strings ]; then\ncp $TEMP_FILE_DIR/omnisrc/Bitmap.strings $INSTALL_DIR/$CONTENTS_FOLDER_PATH/Resources\nfi\nshopt -s nullglob\nif [ ! -z \"`echo $TEMP_FILE_DIR/omnisrc/*.PNG`\" ]; then\ncp $TEMP_FILE_DIR/omnisrc/*.PNG $INSTALL_DIR/$CONTENTS_FOLDER_PATH/Resources\nfi";
		};
/* End PBXBuildRule section */

/* Begin PBXFileReference section */
		089C167EFE841241C02AAC07 /* English */ = {isa = PBXFileReference; fileEncoding = 10; lastKnownFileType = text.plist.strings; name = English; path = English.lproj/InfoPlist.strings; sourceTree = "<group>"; };
		08EA7FFBFE8413EDC02AAC07 /* Cocoa.framework */ = {isa = PBXFileReference; lastKnownFileType = wrapper.framework; name = Cocoa.framework; path = /System/Library/Frameworks/Cocoa.framework; sourceTree = "<absolute>"; };
		96CA4E610907E8CC00C234AA /* oWidget.u_xcomp */ = {isa = PBXFileReference; explicitFileType = wrapper.cfbundle; includeInIndex = 0; path = oWidget.u_xcomp; sourceTree = BUILT_PRODUCTS_DIR; };
		96CA4E650907EB0700C234AA /* u_complib.framework */ = {isa = PBXFileReference; lastKnownFileType = wrapper.framework; name = u_complib.framework; path = ../complib/u_complib.framework; sourceTree = SOURCE_ROOT; };
		ACFD97002097DC50006A5A95 /* oImage.h */ = {isa = PBXFileReference; fileEncoding = 4; lastKnownFileType = sourcecode.c.h; name = oImage.h; path = Src/oImage.h; sourceTree = "<group>"; };
		ACFD97012097DC50006A5A95 /* widget.h */ = {isa = PBXFileReference; fileEncoding = 4; lastKnownFileType = sourcecode.c.h; name = widget.h; path = Src/widget.h; sourceTree = "<group>"; };
		ACFD97022097DC50006A5A95 /* oDropDown.h */ = {isa = PBXFileReference; fileEncoding = 4; lastKnownFileType = sourcecode.c.h; name = oDropDown.h; path = Src/oDropDown.h; sourceTree = "<group>"; };
		ACFD97032097DC50006A5A95 /* oDataList.h */ = {isa = PBXFileReference; fileEncoding = 4; lastKnownFileType = sourcecode.c.h; name = oDataList.h; path = Src/oDataList.h; sourceTree = "<group>"; };
		ACFD97042097DC50006A5A95 /* oCountButton.h */ = {isa = PBXFileReference; fileEncoding = 4; lastKnownFileType = sourcecode.c.h; name = oCountButton.h; path = Src/oCountButton.h; sourceTree = "<group>"; };
		ACFD97052097DC50006A5A95 /* oImgLayer.h */ = {isa = PBXFileReference; fileEncoding = 4; lastKnownFileType = sourcecode.c.h; name = oImgLayer.h; path = Src/oImgLayer.h; sourceTree = "<group>"; };
		ACFD97062097DC50006A5A95 /* oDLNode.h */ = {isa = PBXFileReference; fileEncoding = 4; lastKnownFileType = sourcecode.c.h; name = oDLNode.h; path = Src/oDLNode.h; sourceTree = "<group>"; };
		ACFD97072097DC50006A5A95 /* monitor_mac.h */ = {isa = PBXFileReference; fileEncoding = 4; lastKnownFileType = sourcecode.c.h; name = monitor_mac.h; path = Src/monitor_mac.h; sourceTree = "<group>"; };
		ACFD97082097DC50006A5A95 /* oDateTime.h */ = {isa = PBXFileReference; fileEncoding = 4; lastKnownFileType = sourcecode.c.h; name = oDateTime.h; path = Src/oDateTime.h; sourceTree = "<group>"; };
		ACFD97092097DC50006A5A95 /* oRoundedButton.h */ = {isa = PBXFileReference; fileEncoding = 4; lastKnownFileType = sourcecode.c.h; name = oRoundedButton.h; path = Src/oRoundedButton.h; sourceTree = "<group>"; };
		ACFD970A2097DC50006A5A95 /* oFontDropDown.h */ = {isa = PBXFileReference; fileEncoding = 4; lastKnownFileType = sourcecode.c.h; name = oFontDropDown.h; path = Src/oFontDropDown.h; sourceTree = "<group>"; };
		ACFD970B2097DC67006A5A95 /* oFontDropDown.cpp */ = {isa = PBXFileReference; fileEncoding = 4; lastKnownFileType = sourcecode.cpp.cpp; name = oFontDropDown.cpp; path = Src/oFontDropDown.cpp; sourceTree = "<group>"; };
		ACFD970C2097DC67006A5A95 /* oRoundedButton.cpp */ = {isa = PBXFileReference; fileEncoding = 4; lastKnownFileType = sourcecode.cpp.cpp; name = oRoundedButton.cpp; path = Src/oRoundedButton.cpp; sourceTree = "<group>"; };
		ACFD970D2097DC67006A5A95 /* monitor_mac.mm */ = {isa = PBXFileReference; fileEncoding = 4; lastKnownFileType = sourcecode.cpp.objcpp; name = monitor_mac.mm; path = Src/monitor_mac.mm; sourceTree = "<group>"; };
		ACFD970E2097DC67006A5A95 /* oDLNode.cpp */ = {isa = PBXFileReference; fileEncoding = 4; lastKnownFileType = sourcecode.cpp.cpp; name = oDLNode.cpp; path = Src/oDLNode.cpp; sourceTree = "<group>"; };
		ACFD970F2097DC67006A5A95 /* oDateTime.cpp */ = {isa = PBXFileReference; fileEncoding = 4; lastKnownFileType = sourcecode.cpp.cpp; name = oDateTime.cpp; path = Src/oDateTime.cpp; sourceTree = "<group>"; };
		ACFD97102097DC67006A5A95 /* oCountButton.cpp */ = {isa = PBXFileReference; fileEncoding = 4; lastKnownFileType = sourcecode.cpp.cpp; name = oCountButton.cpp; path = Src/oCountButton.cpp; sourceTree = "<group>"; };
		ACFD97112097DC67006A5A95 /* oDropDown.cpp */ = {isa = PBXFileReference; fileEncoding = 4; lastKnownFileType = sourcecode.cpp.cpp; name = oDropDown.cpp; path = Src/oDropDown.cpp; sourceTree = "<group>"; };
		ACFD97122097DC67006A5A95 /* oDataList.cpp */ = {isa = PBXFileReference; fileEncoding = 4; lastKnownFileType = sourcecode.cpp.cpp; name = oDataList.cpp; path = Src/oDataList.cpp; sourceTree = "<group>"; };
		ACFD97132097DC67006A5A95 /* oImage.cpp */ = {isa = PBXFileReference; fileEncoding = 4; lastKnownFileType = sourcecode.cpp.cpp; name = oImage.cpp; path = Src/oImage.cpp; sourceTree = "<group>"; };
		ACFD97142097DC67006A5A95 /* oImgLayer.cpp */ = {isa = PBXFileReference; fileEncoding = 4; lastKnownFileType = sourcecode.cpp.cpp; name = oImgLayer.cpp; path = Src/oImgLayer.cpp; sourceTree = "<group>"; };
		ACFD97152097DC67006A5A95 /* widget.cpp */ = {isa = PBXFileReference; fileEncoding = 4; lastKnownFileType = sourcecode.cpp.cpp; name = widget.cpp; path = Src/widget.cpp; sourceTree = "<group>"; };
		ACFD97222097DC99006A5A95 /* oBaseNVComponent.cpp */ = {isa = PBXFileReference; fileEncoding = 4; lastKnownFileType = sourcecode.cpp.cpp; name = oBaseNVComponent.cpp; path = ../omnis.xcomp.framework/oBaseNVComponent.cpp; sourceTree = "<group>"; };
		ACFD97232097DC99006A5A95 /* oBaseComponent.h */ = {isa = PBXFileReference; fileEncoding = 4; lastKnownFileType = sourcecode.c.h; name = oBaseComponent.h; path = ../omnis.xcomp.framework/oBaseComponent.h; sourceTree = "<group>"; };
		ACFD97242097DC99006A5A95 /* oBaseComponent.cpp */ = {isa = PBXFileReference; fileEncoding = 4; lastKnownFileType = sourcecode.cpp.cpp; name = oBaseComponent.cpp; path = ../omnis.xcomp.framework/oBaseComponent.cpp; sourceTree = "<group>"; };
		ACFD97252097DC99006A5A95 /* oBaseVisComponent.h */ = {isa = PBXFileReference; fileEncoding = 4; lastKnownFileType = sourcecode.c.h; name = oBaseVisComponent.h; path = ../omnis.xcomp.framework/oBaseVisComponent.h; sourceTree = "<group>"; };
		ACFD97262097DC99006A5A95 /* oUTF8.h */ = {isa = PBXFileReference; fileEncoding = 4; lastKnownFileType = sourcecode.c.h; name = oUTF8.h; path = ../omnis.xcomp.framework/oUTF8.h; sourceTree = "<group>"; };
		ACFD97272097DC99006A5A95 /* FrameworkWndProc.cpp */ = {isa = PBXFileReference; fileEncoding = 4; lastKnownFileType = sourcecode.cpp.cpp; name = FrameworkWndProc.cpp; path = ../omnis.xcomp.framework/FrameworkWndProc.cpp; sourceTree = "<group>"; };
		ACFD97282097DC99006A5A95 /* oXCompLib.h */ = {isa = PBXFileReference; fileEncoding = 4; lastKnownFileType = sourcecode.c.h; name = oXCompLib.h; path = ../omnis.xcomp.framework/oXCompLib.h; sourceTree = "<group>"; };
		ACFD97292097DC99006A5A95 /* qString.cpp */ = {isa = PBXFileReference; fileEncoding = 4; lastKnownFileType = sourcecode.cpp.cpp; name = qString.cpp; path = ../omnis.xcomp.framework/qString.cpp; sourceTree = "<group>"; };
		ACFD972A2097DC99006A5A95 /* oRGBAImage.h */ = {isa = PBXFileReference; fileEncoding = 4; lastKnownFileType = sourcecode.c.h; name = oRGBAImage.h; path = ../omnis.xcomp.framework/oRGBAImage.h; sourceTree = "<group>"; };
		ACFD972B2097DC99006A5A95 /* oBaseVisComponent.cpp */ = {isa = PBXFileReference; fileEncoding = 4; lastKnownFileType = sourcecode.cpp.cpp; name = oBaseVisComponent.cpp; path = ../omnis.xcomp.framework/oBaseVisComponent.cpp; sourceTree = "<group>"; };
		ACFD972C2097DC9A006A5A95 /* oXCompLib.cpp */ = {isa = PBXFileReference; fileEncoding = 4; lastKnownFileType = sourcecode.cpp.cpp; name = oXCompLib.cpp; path = ../omnis.xcomp.framework/oXCompLib.cpp; sourceTree = "<group>"; };
		ACFD972D2097DC9A006A5A95 /* qString.h */ = {isa = PBXFileReference; fileEncoding = 4; lastKnownFileType = sourcecode.c.h; name = qString.h; path = ../omnis.xcomp.framework/qString.h; sourceTree = "<group>"; };
		ACFD972E2097DC9A006A5A95 /* xCompStandardIncludes.h */ = {isa = PBXFileReference; fileEncoding = 4; lastKnownFileType = sourcecode.c.h; name = xCompStandardIncludes.h; path = ../omnis.xcomp.framework/xCompStandardIncludes.h; sourceTree = "<group>"; };
		ACFD972F2097DC9A006A5A95 /* oDrawingCanvas.cpp */ = {isa = PBXFileReference; fileEncoding = 4; lastKnownFileType = sourcecode.cpp.cpp; name = oDrawingCanvas.cpp; path = ../omnis.xcomp.framework/oDrawingCanvas.cpp; sourceTree = "<group>"; };
		ACFD97302097DC9A006A5A95 /* omnis.xcomp.framework.h */ = {isa = PBXFileReference; fileEncoding = 4; lastKnownFileType = sourcecode.c.h; name = omnis.xcomp.framework.h; path = ../omnis.xcomp.framework/omnis.xcomp.framework.h; sourceTree = "<group>"; };
		ACFD97312097DC9A006A5A95 /* qArray.h */ = {isa = PBXFileReference; fileEncoding = 4; lastKnownFileType = sourcecode.c.h; name = qArray.h; path = ../omnis.xcomp.framework/qArray.h; sourceTree = "<group>"; };
		ACFD97322097DC9A006A5A95 /* oDrawingCanvas.h */ = {isa = PBXFileReference; fileEncoding = 4; lastKnownFileType = sourcecode.c.h; name = oDrawingCanvas.h; path = ../omnis.xcomp.framework/oDrawingCanvas.h; sourceTree = "<group>"; };
		ACFD97332097DC9A006A5A95 /* oUTF8.cpp */ = {isa = PBXFileReference; fileEncoding = 4; lastKnownFileType = sourcecode.cpp.cpp; name = oUTF8.cpp; path = ../omnis.xcomp.framework/oUTF8.cpp; sourceTree = "<group>"; };
		ACFD97342097DC9A006A5A95 /* oBaseNVComponent.h */ = {isa = PBXFileReference; fileEncoding = 4; lastKnownFileType = sourcecode.c.h; name = oBaseNVComponent.h; path = ../omnis.xcomp.framework/oBaseNVComponent.h; sourceTree = "<group>"; };
		ACFD97352097DC9A006A5A95 /* oRGBAImage.cpp */ = {isa = PBXFileReference; fileEncoding = 4; lastKnownFileType = sourcecode.cpp.cpp; name = oRGBAImage.cpp; path = ../omnis.xcomp.framework/oRGBAImage.cpp; sourceTree = "<group>"; };
		ACFD97402097DCB7006A5A95 /* English */ = {isa = PBXFileReference; lastKnownFileType = image.bmp; name = English; path = English.lproj/oWidget.bmp; sourceTree = "<group>"; };
		ACFD97422097DCB7006A5A95 /* English */ = {isa = PBXFileReference; explicitFileType = text; name = English; path = English.lproj/oWidget.rc; sourceTree = "<group>"; };
/* End PBXFileReference section */

/* Begin PBXFrameworksBuildPhase section */
		96CA4E590907E8CC00C234AA /* Frameworks */ = {
			isa = PBXFrameworksBuildPhase;
			buildActionMask = 2147483647;
			files = (
				96CA4E5A0907E8CC00C234AA /* Cocoa.framework in Frameworks */,
				96CA4E660907EB0700C234AA /* u_complib.framework in Frameworks */,
			);
			runOnlyForDeploymentPostprocessing = 0;
		};
/* End PBXFrameworksBuildPhase section */

/* Begin PBXGroup section */
		089C166AFE841209C02AAC07 /* xrandom */ = {
			isa = PBXGroup;
			children = (
				ACFD97212097DC6C006A5A95 /* omnis.xcomp.frameworks */,
				96D631340905093100E0F291 /* Headers */,
				08FB77ADFE841716C02AAC07 /* Source */,
				089C167CFE841241C02AAC07 /* Resources */,
				089C1671FE841209C02AAC07 /* External Frameworks and Libraries */,
				19C28FB4FE9D528D11CA2CBB /* Products */,
			);
			name = xrandom;
			sourceTree = "<group>";
		};
		089C1671FE841209C02AAC07 /* External Frameworks and Libraries */ = {
			isa = PBXGroup;
			children = (
				96CA4E650907EB0700C234AA /* u_complib.framework */,
				08EA7FFBFE8413EDC02AAC07 /* Cocoa.framework */,
			);
			name = "External Frameworks and Libraries";
			sourceTree = "<group>";
		};
		089C167CFE841241C02AAC07 /* Resources */ = {
			isa = PBXGroup;
			children = (
				ACFD973F2097DCB7006A5A95 /* oWidget.bmp */,
				ACFD97412097DCB7006A5A95 /* oWidget.rc */,
				089C167DFE841241C02AAC07 /* InfoPlist.strings */,
			);
			name = Resources;
			sourceTree = "<group>";
		};
		08FB77ADFE841716C02AAC07 /* Source */ = {
			isa = PBXGroup;
			children = (
				ACFD970D2097DC67006A5A95 /* monitor_mac.mm */,
				ACFD97102097DC67006A5A95 /* oCountButton.cpp */,
				ACFD97122097DC67006A5A95 /* oDataList.cpp */,
				ACFD970F2097DC67006A5A95 /* oDateTime.cpp */,
				ACFD970E2097DC67006A5A95 /* oDLNode.cpp */,
				ACFD97112097DC67006A5A95 /* oDropDown.cpp */,
				ACFD970B2097DC67006A5A95 /* oFontDropDown.cpp */,
				ACFD97132097DC67006A5A95 /* oImage.cpp */,
				ACFD97142097DC67006A5A95 /* oImgLayer.cpp */,
				ACFD970C2097DC67006A5A95 /* oRoundedButton.cpp */,
				ACFD97152097DC67006A5A95 /* widget.cpp */,
			);
			name = Source;
			sourceTree = "<group>";
		};
		19C28FB4FE9D528D11CA2CBB /* Products */ = {
			isa = PBXGroup;
			children = (
				96CA4E610907E8CC00C234AA /* oWidget.u_xcomp */,
			);
			name = Products;
			sourceTree = "<group>";
		};
		96D631340905093100E0F291 /* Headers */ = {
			isa = PBXGroup;
			children = (
				ACFD97072097DC50006A5A95 /* monitor_mac.h */,
				ACFD97042097DC50006A5A95 /* oCountButton.h */,
				ACFD97032097DC50006A5A95 /* oDataList.h */,
				ACFD97082097DC50006A5A95 /* oDateTime.h */,
				ACFD97062097DC50006A5A95 /* oDLNode.h */,
				ACFD97022097DC50006A5A95 /* oDropDown.h */,
				ACFD970A2097DC50006A5A95 /* oFontDropDown.h */,
				ACFD97002097DC50006A5A95 /* oImage.h */,
				ACFD97052097DC50006A5A95 /* oImgLayer.h */,
				ACFD97092097DC50006A5A95 /* oRoundedButton.h */,
				ACFD97012097DC50006A5A95 /* widget.h */,
			);
			name = Headers;
			sourceTree = "<group>";
		};
		ACFD97212097DC6C006A5A95 /* omnis.xcomp.frameworks */ = {
			isa = PBXGroup;
			children = (
				ACFD97272097DC99006A5A95 /* FrameworkWndProc.cpp */,
				ACFD97242097DC99006A5A95 /* oBaseComponent.cpp */,
				ACFD97232097DC99006A5A95 /* oBaseComponent.h */,
				ACFD97222097DC99006A5A95 /* oBaseNVComponent.cpp */,
				ACFD97342097DC9A006A5A95 /* oBaseNVComponent.h */,
				ACFD972B2097DC99006A5A95 /* oBaseVisComponent.cpp */,
				ACFD97252097DC99006A5A95 /* oBaseVisComponent.h */,
				ACFD972F2097DC9A006A5A95 /* oDrawingCanvas.cpp */,
				ACFD97322097DC9A006A5A95 /* oDrawingCanvas.h */,
				ACFD97302097DC9A006A5A95 /* omnis.xcomp.framework.h */,
				ACFD97352097DC9A006A5A95 /* oRGBAImage.cpp */,
				ACFD972A2097DC99006A5A95 /* oRGBAImage.h */,
				ACFD97332097DC9A006A5A95 /* oUTF8.cpp */,
				ACFD97262097DC99006A5A95 /* oUTF8.h */,
				ACFD972C2097DC9A006A5A95 /* oXCompLib.cpp */,
				ACFD97282097DC99006A5A95 /* oXCompLib.h */,
				ACFD97312097DC9A006A5A95 /* qArray.h */,
				ACFD97292097DC99006A5A95 /* qString.cpp */,
				ACFD972D2097DC9A006A5A95 /* qString.h */,
				ACFD972E2097DC9A006A5A95 /* xCompStandardIncludes.h */,
			);
			name = omnis.xcomp.frameworks;
			sourceTree = "<group>";
		};
/* End PBXGroup section */

/* Begin PBXNativeTarget section */
		96CA4E530907E8CC00C234AA /* UnicodeCore */ = {
			isa = PBXNativeTarget;
			buildConfigurationList = 96CA4E5D0907E8CC00C234AA /* Build configuration list for PBXNativeTarget "UnicodeCore" */;
			buildPhases = (
				96CA4E540907E8CC00C234AA /* Resources */,
				96CA4E570907E8CC00C234AA /* Sources */,
				96CA4E590907E8CC00C234AA /* Frameworks */,
			);
			buildRules = (
				96CA4E5C0907E8CC00C234AA /* PBXBuildRule */,
			);
			dependencies = (
			);
			name = UnicodeCore;
			productInstallPath = "$(HOME)/Library/Bundles";
			productName = xrandom;
			productReference = 96CA4E610907E8CC00C234AA /* oWidget.u_xcomp */;
			productType = "com.apple.product-type.bundle";
		};
/* End PBXNativeTarget section */

/* Begin PBXProject section */
		089C1669FE841209C02AAC07 /* Project object */ = {
			isa = PBXProject;
			attributes = {
			};
			buildConfigurationList = 96CF455E08FBABD1003AA3FE /* Build configuration list for PBXProject "oWidget_OS81" */;
			compatibilityVersion = "Xcode 2.4";
			developmentRegion = English;
			hasScannedForEncodings = 1;
			knownRegions = (
				English,
				Japanese,
				French,
				German,
				english,
			);
			mainGroup = 089C166AFE841209C02AAC07 /* xrandom */;
			projectDirPath = "";
			projectRoot = "";
			targets = (
				96CA4E530907E8CC00C234AA /* UnicodeCore */,
			);
		};
/* End PBXProject section */

/* Begin PBXResourcesBuildPhase section */
		96CA4E540907E8CC00C234AA /* Resources */ = {
			isa = PBXResourcesBuildPhase;
			buildActionMask = 2147483647;
			files = (
				96CA4E550907E8CC00C234AA /* InfoPlist.strings in Resources */,
				ACFD97432097DCB7006A5A95 /* oWidget.bmp in Resources */,
				ACFD97442097E0D4006A5A95 /* oWidget.rc in Resources */,
			);
			runOnlyForDeploymentPostprocessing = 0;
		};
/* End PBXResourcesBuildPhase section */

/* Begin PBXSourcesBuildPhase section */
		96CA4E570907E8CC00C234AA /* Sources */ = {
			isa = PBXSourcesBuildPhase;
			buildActionMask = 2147483647;
			files = (
				ACFD973B2097DC9B006A5A95 /* oXCompLib.cpp in Sources */,
				ACFD971E2097DC67006A5A95 /* oImage.cpp in Sources */,
				ACFD97202097DC67006A5A95 /* widget.cpp in Sources */,
				ACFD97182097DC67006A5A95 /* monitor_mac.mm in Sources */,
				ACFD973C2097DC9B006A5A95 /* oDrawingCanvas.cpp in Sources */,
				ACFD97392097DC9B006A5A95 /* qString.cpp in Sources */,
				ACFD97192097DC67006A5A95 /* oDLNode.cpp in Sources */,
				ACFD973A2097DC9B006A5A95 /* oBaseVisComponent.cpp in Sources */,
				ACFD97382097DC9B006A5A95 /* FrameworkWndProc.cpp in Sources */,
				ACFD971C2097DC67006A5A95 /* oDropDown.cpp in Sources */,
				ACFD971D2097DC67006A5A95 /* oDataList.cpp in Sources */,
				ACFD97162097DC67006A5A95 /* oFontDropDown.cpp in Sources */,
				ACFD971A2097DC67006A5A95 /* oDateTime.cpp in Sources */,
				ACFD97372097DC9B006A5A95 /* oBaseComponent.cpp in Sources */,
				ACFD973D2097DC9B006A5A95 /* oUTF8.cpp in Sources */,
				ACFD971F2097DC67006A5A95 /* oImgLayer.cpp in Sources */,
				ACFD97172097DC67006A5A95 /* oRoundedButton.cpp in Sources */,
				ACFD973E2097DC9B006A5A95 /* oRGBAImage.cpp in Sources */,
				ACFD97362097DC9B006A5A95 /* oBaseNVComponent.cpp in Sources */,
				ACFD971B2097DC67006A5A95 /* oCountButton.cpp in Sources */,
			);
			runOnlyForDeploymentPostprocessing = 0;
		};
/* End PBXSourcesBuildPhase section */

/* Begin PBXVariantGroup section */
		089C167DFE841241C02AAC07 /* InfoPlist.strings */ = {
			isa = PBXVariantGroup;
			children = (
				089C167EFE841241C02AAC07 /* English */,
			);
			name = InfoPlist.strings;
			sourceTree = "<group>";
		};
		ACFD973F2097DCB7006A5A95 /* oWidget.bmp */ = {
			isa = PBXVariantGroup;
			children = (
				ACFD97402097DCB7006A5A95 /* English */,
			);
			name = oWidget.bmp;
			sourceTree = "<group>";
		};
		ACFD97412097DCB7006A5A95 /* oWidget.rc */ = {
			isa = PBXVariantGroup;
			children = (
				ACFD97422097DCB7006A5A95 /* English */,
			);
			name = oWidget.rc;
			sourceTree = "<group>";
		};
/* End PBXVariantGroup section */

/* Begin XCBuildConfiguration section */
		96CA4E5E0907E8CC00C234AA /* Development */ = {
			isa = XCBuildConfiguration;
			buildSettings = {
				ARCHS = "$(ARCHS_STANDARD)";
				BUILD_VARIANTS = normal;
				CLANG_ENABLE_OBJC_ARC = YES;
				COPY_PHASE_STRIP = NO;
				DEPLOYMENT_LOCATION = YES;
				FRAMEWORK_SEARCH_PATHS = "$(SRCROOT)/../complib";
				GCC_DYNAMIC_NO_PIC = NO;
				GCC_ENABLE_FIX_AND_CONTINUE = YES;
				GCC_GENERATE_DEBUGGING_SYMBOLS = YES;
				GCC_OPTIMIZATION_LEVEL = 0;
				GCC_PRECOMPILE_PREFIX_HEADER = NO;
				GCC_PREFIX_HEADER = $PROJECT_DIR/../complib/u_complib.framework/Headers/carbnuni.h;
				GENERATE_PKGINFO_FILE = YES;
				HEADER_SEARCH_PATHS = $PROJECT_DIR/../complib/u_complib.framework/Headers;
				INFOPLIST_FILE = Info.plist;
				INIT_ROUTINE = "";
				INSTALL_PATH = "$(PROJECT_DIR)/../_OSXUnicodeDbg";
				LIBRARY_SEARCH_PATHS = "";
				LIBRARY_STYLE = DYNAMIC;
				MACOSX_DEPLOYMENT_TARGET = 10.9;
				OTHER_CFLAGS = (
					"-fshort-wchar",
					"-Dismach_o",
					"-Wno-comment",
					"-DOMNISSDK=81",
				);
				OTHER_CPLUSPLUSFLAGS = "$(OTHER_CFLAGS)";
				OTHER_LDFLAGS = "";
				PRODUCT_NAME = oWidget;
				RESMERGER_SOURCES_FORK = data;
				REZ_SEARCH_PATHS = (
					$PROJECT_DIR,
					$PROJECT_DIR/English.lproj,
				);
				SDKROOT = macosx;
				WRAPPER_EXTENSION = u_xcomp;
				ZERO_LINK = NO;
			};
			name = Development;
		};
		96CA4E5F0907E8CC00C234AA /* Deployment */ = {
			isa = XCBuildConfiguration;
			buildSettings = {
				ARCHS = "$(ARCHS_STANDARD)";
				CLANG_ENABLE_OBJC_ARC = YES;
				COPY_PHASE_STRIP = YES;
				DEPLOYMENT_LOCATION = YES;
				DSTROOT = /;
				FRAMEWORK_SEARCH_PATHS = "$(SRCROOT)/../complib";
				GCC_ENABLE_FIX_AND_CONTINUE = NO;
				GCC_GENERATE_DEBUGGING_SYMBOLS = NO;
				GCC_PRECOMPILE_PREFIX_HEADER = NO;
				GCC_PREFIX_HEADER = $PROJECT_DIR/../complib/u_complib.framework/Headers/carbnuni.h;
				GENERATE_PKGINFO_FILE = YES;
				HEADER_SEARCH_PATHS = $PROJECT_DIR/../complib/u_complib.framework/Headers;
				INFOPLIST_FILE = Info.plist;
				INSTALL_PATH = "$(PROJECT_DIR)/../_OSXUnicode";
				LIBRARY_SEARCH_PATHS = "";
				LIBRARY_STYLE = DYNAMIC;
				MACOSX_DEPLOYMENT_TARGET = 10.9;
				OTHER_CFLAGS = (
					"-fshort-wchar",
					"-Dismach_o",
					"-Wno-comment",
					"-DOMNISSDK=81",
				);
				OTHER_CPLUSPLUSFLAGS = "$(OTHER_CFLAGS)";
				PRIVATE_HEADERS_FOLDER_PATH = "$(CONTENTS_FOLDER_PATH)/PrivateHeaders";
				PRODUCT_NAME = oWidget;
				PUBLIC_HEADERS_FOLDER_PATH = "$(CONTENTS_FOLDER_PATH)/Headers";
				RESMERGER_SOURCES_FORK = data;
				REZ_SEARCH_PATHS = (
					$PROJECT_DIR,
					$PROJECT_DIR/English.lproj,
				);
				SDKROOT = macosx;
				SKIP_INSTALL = NO;
				VERSION_INFO_FILE = "$(PRODUCT_NAME)_vers.c";
				WRAPPER_EXTENSION = u_xcomp;
				ZERO_LINK = NO;
			};
			name = Deployment;
		};
		96CF455F08FBABD1003AA3FE /* Development */ = {
			isa = XCBuildConfiguration;
			buildSettings = {
				ARCHS = "$(ARCHS_STANDARD)";
				COPY_PHASE_STRIP = NO;
				DSTROOT = /;
				FRAMEWORK_SEARCH_PATHS = "";
				GCC_INPUT_FILETYPE = sourcecode.cpp.objcpp;
				GCC_WARN_ABOUT_DEPRECATED_FUNCTIONS = NO;
				HEADER_SEARCH_PATHS = "";
				LIBRARY_STYLE = DYNAMIC;
				MACOSX_DEPLOYMENT_TARGET = 10.9;
				OTHER_CFLAGS = "";
				SDKROOT = macosx;
			};
			name = Development;
		};
		96CF456008FBABD1003AA3FE /* Deployment */ = {
			isa = XCBuildConfiguration;
			buildSettings = {
				ARCHS = "$(ARCHS_STANDARD)";
				FRAMEWORK_SEARCH_PATHS = "";
				GCC_INPUT_FILETYPE = sourcecode.cpp.objcpp;
				GCC_WARN_ABOUT_DEPRECATED_FUNCTIONS = NO;
				HEADER_SEARCH_PATHS = "";
				MACOSX_DEPLOYMENT_TARGET = 10.9;
				OTHER_CFLAGS = "";
				SDKROOT = macosx;
			};
			name = Deployment;
		};
/* End XCBuildConfiguration section */

/* Begin XCConfigurationList section */
		96CA4E5D0907E8CC00C234AA /* Build configuration list for PBXNativeTarget "UnicodeCore" */ = {
			isa = XCConfigurationList;
			buildConfigurations = (
				96CA4E5E0907E8CC00C234AA /* Development */,
				96CA4E5F0907E8CC00C234AA /* Deployment */,
			);
			defaultConfigurationIsVisible = 0;
			defaultConfigurationName = Development;
		};
		96CF455E08FBABD1003AA3FE /* Build configuration list for PBXProject "oWidget_OS81" */ = {
			isa = XCConfigurationList;
			buildConfigurations = (
				96CF455F08FBABD1003AA3FE /* Development */,
				96CF456008FBABD1003AA3FE /* Deployment */,
			);
			defaultConfigurationIsVisible = 0;
			defaultConfigurationName = Development;
		};
/* End XCConfigurationList section */
	};
	rootObject = 089C1669FE841209C02AAC07 /* Project object */;
}
